// !$*UTF8*$!
{
	archiveVersion = 1;
	classes = {
	};
	objectVersion = 56;
	objects = {

/* Begin PBXBuildFile section */
		913598832BA6D3C50036053B /* AFButton.swift in Sources */ = {isa = PBXBuildFile; fileRef = 913598822BA6D3C50036053B /* AFButton.swift */; };
		913598852BA6D8880036053B /* FrameworkGridViewModel.swift in Sources */ = {isa = PBXBuildFile; fileRef = 913598842BA6D8880036053B /* FrameworkGridViewModel.swift */; };
		913598882BA78C280036053B /* SafariView.swift in Sources */ = {isa = PBXBuildFile; fileRef = 913598872BA78C280036053B /* SafariView.swift */; };
		9135988A2BA791FF0036053B /* XDismissButton.swift in Sources */ = {isa = PBXBuildFile; fileRef = 913598892BA791FF0036053B /* XDismissButton.swift */; };
		91BF15682BA6BF8900DD7634 /* Apple_FrameworksApp.swift in Sources */ = {isa = PBXBuildFile; fileRef = 91BF15672BA6BF8900DD7634 /* Apple_FrameworksApp.swift */; };
		91BF156C2BA6BF8B00DD7634 /* Assets.xcassets in Resources */ = {isa = PBXBuildFile; fileRef = 91BF156B2BA6BF8B00DD7634 /* Assets.xcassets */; };
		91BF156F2BA6BF8B00DD7634 /* Preview Assets.xcassets in Resources */ = {isa = PBXBuildFile; fileRef = 91BF156E2BA6BF8B00DD7634 /* Preview Assets.xcassets */; };
		91BF15762BA6C01700DD7634 /* Framework.swift in Sources */ = {isa = PBXBuildFile; fileRef = 91BF15752BA6C01700DD7634 /* Framework.swift */; };
		91BF15782BA6C17700DD7634 /* FrameworkGridView.swift in Sources */ = {isa = PBXBuildFile; fileRef = 91BF15772BA6C17700DD7634 /* FrameworkGridView.swift */; };
		91BF157A2BA6C52300DD7634 /* FrameworkTitleView.swift in Sources */ = {isa = PBXBuildFile; fileRef = 91BF15792BA6C52300DD7634 /* FrameworkTitleView.swift */; };
		91BF157C2BA6CEB400DD7634 /* FrameworkDetailView.swift in Sources */ = {isa = PBXBuildFile; fileRef = 91BF157B2BA6CEB400DD7634 /* FrameworkDetailView.swift */; };
		91CA8CD82BAFD0670066FD12 /* FrameworkDetailViewModel.swift in Sources */ = {isa = PBXBuildFile; fileRef = 91CA8CD72BAFD0670066FD12 /* FrameworkDetailViewModel.swift */; };
/* End PBXBuildFile section */

/* Begin PBXFileReference section */
		913598822BA6D3C50036053B /* AFButton.swift */ = {isa = PBXFileReference; lastKnownFileType = sourcecode.swift; path = AFButton.swift; sourceTree = "<group>"; };
		913598842BA6D8880036053B /* FrameworkGridViewModel.swift */ = {isa = PBXFileReference; lastKnownFileType = sourcecode.swift; path = FrameworkGridViewModel.swift; sourceTree = "<group>"; };
		913598872BA78C280036053B /* SafariView.swift */ = {isa = PBXFileReference; lastKnownFileType = sourcecode.swift; path = SafariView.swift; sourceTree = "<group>"; };
		913598892BA791FF0036053B /* XDismissButton.swift */ = {isa = PBXFileReference; lastKnownFileType = sourcecode.swift; path = XDismissButton.swift; sourceTree = "<group>"; };
		91BF15642BA6BF8900DD7634 /* Apple-Frameworks.app */ = {isa = PBXFileReference; explicitFileType = wrapper.application; includeInIndex = 0; path = "Apple-Frameworks.app"; sourceTree = BUILT_PRODUCTS_DIR; };
		91BF15672BA6BF8900DD7634 /* Apple_FrameworksApp.swift */ = {isa = PBXFileReference; lastKnownFileType = sourcecode.swift; path = Apple_FrameworksApp.swift; sourceTree = "<group>"; };
		91BF156B2BA6BF8B00DD7634 /* Assets.xcassets */ = {isa = PBXFileReference; lastKnownFileType = folder.assetcatalog; path = Assets.xcassets; sourceTree = "<group>"; };
		91BF156E2BA6BF8B00DD7634 /* Preview Assets.xcassets */ = {isa = PBXFileReference; lastKnownFileType = folder.assetcatalog; path = "Preview Assets.xcassets"; sourceTree = "<group>"; };
		91BF15752BA6C01700DD7634 /* Framework.swift */ = {isa = PBXFileReference; lastKnownFileType = sourcecode.swift; path = Framework.swift; sourceTree = "<group>"; };
		91BF15772BA6C17700DD7634 /* FrameworkGridView.swift */ = {isa = PBXFileReference; lastKnownFileType = sourcecode.swift; path = FrameworkGridView.swift; sourceTree = "<group>"; };
		91BF15792BA6C52300DD7634 /* FrameworkTitleView.swift */ = {isa = PBXFileReference; lastKnownFileType = sourcecode.swift; path = FrameworkTitleView.swift; sourceTree = "<group>"; };
		91BF157B2BA6CEB400DD7634 /* FrameworkDetailView.swift */ = {isa = PBXFileReference; lastKnownFileType = sourcecode.swift; path = FrameworkDetailView.swift; sourceTree = "<group>"; };
		91CA8CD72BAFD0670066FD12 /* FrameworkDetailViewModel.swift */ = {isa = PBXFileReference; lastKnownFileType = sourcecode.swift; path = FrameworkDetailViewModel.swift; sourceTree = "<group>"; };
/* End PBXFileReference section */

/* Begin PBXFrameworksBuildPhase section */
		91BF15612BA6BF8900DD7634 /* Frameworks */ = {
			isa = PBXFrameworksBuildPhase;
			buildActionMask = 2147483647;
			files = (
			);
			runOnlyForDeploymentPostprocessing = 0;
		};
/* End PBXFrameworksBuildPhase section */

/* Begin PBXGroup section */
		913598802BA6D1C10036053B /* Model */ = {
			isa = PBXGroup;
			children = (
				91BF15752BA6C01700DD7634 /* Framework.swift */,
			);
			path = Model;
			sourceTree = "<group>";
		};
		913598812BA6D1DC0036053B /* Views */ = {
			isa = PBXGroup;
			children = (
				9135988E2BA793E30036053B /* View */,
				9135988C2BA793980036053B /* Buttons */,
			);
			path = Views;
			sourceTree = "<group>";
		};
		913598862BA6D8A70036053B /* FrameworkGridView */ = {
			isa = PBXGroup;
			children = (
				91BF15772BA6C17700DD7634 /* FrameworkGridView.swift */,
				913598842BA6D8880036053B /* FrameworkGridViewModel.swift */,
			);
			path = FrameworkGridView;
			sourceTree = "<group>";
		};
		9135988B2BA793770036053B /* FrameworkDetailView */ = {
			isa = PBXGroup;
			children = (
				91CA8CD72BAFD0670066FD12 /* FrameworkDetailViewModel.swift */,
				91BF157B2BA6CEB400DD7634 /* FrameworkDetailView.swift */,
			);
			path = FrameworkDetailView;
			sourceTree = "<group>";
		};
		9135988C2BA793980036053B /* Buttons */ = {
			isa = PBXGroup;
			children = (
				913598822BA6D3C50036053B /* AFButton.swift */,
				913598892BA791FF0036053B /* XDismissButton.swift */,
			);
			path = Buttons;
			sourceTree = "<group>";
		};
		9135988D2BA793BA0036053B /* Screens */ = {
			isa = PBXGroup;
			children = (
				913598862BA6D8A70036053B /* FrameworkGridView */,
				9135988B2BA793770036053B /* FrameworkDetailView */,
			);
			path = Screens;
			sourceTree = "<group>";
		};
		9135988E2BA793E30036053B /* View */ = {
			isa = PBXGroup;
			children = (
				91BF15792BA6C52300DD7634 /* FrameworkTitleView.swift */,
			);
			path = View;
			sourceTree = "<group>";
		};
		9135988F2BA7942F0036053B /* UIKit Components */ = {
			isa = PBXGroup;
			children = (
				913598872BA78C280036053B /* SafariView.swift */,
			);
			path = "UIKit Components";
			sourceTree = "<group>";
		};
		91BF155B2BA6BF8900DD7634 = {
			isa = PBXGroup;
			children = (
				91BF15662BA6BF8900DD7634 /* Apple-Frameworks */,
				91BF15652BA6BF8900DD7634 /* Products */,
			);
			sourceTree = "<group>";
		};
		91BF15652BA6BF8900DD7634 /* Products */ = {
			isa = PBXGroup;
			children = (
				91BF15642BA6BF8900DD7634 /* Apple-Frameworks.app */,
			);
			name = Products;
			sourceTree = "<group>";
		};
		91BF15662BA6BF8900DD7634 /* Apple-Frameworks */ = {
			isa = PBXGroup;
			children = (
				91BF15672BA6BF8900DD7634 /* Apple_FrameworksApp.swift */,
				9135988F2BA7942F0036053B /* UIKit Components */,
				913598812BA6D1DC0036053B /* Views */,
				913598802BA6D1C10036053B /* Model */,
				9135988D2BA793BA0036053B /* Screens */,
				91BF156B2BA6BF8B00DD7634 /* Assets.xcassets */,
				91BF156D2BA6BF8B00DD7634 /* Preview Content */,
			);
			path = "Apple-Frameworks";
			sourceTree = "<group>";
		};
		91BF156D2BA6BF8B00DD7634 /* Preview Content */ = {
			isa = PBXGroup;
			children = (
				91BF156E2BA6BF8B00DD7634 /* Preview Assets.xcassets */,
			);
			path = "Preview Content";
			sourceTree = "<group>";
		};
/* End PBXGroup section */

/* Begin PBXNativeTarget section */
		91BF15632BA6BF8900DD7634 /* Apple-Frameworks */ = {
			isa = PBXNativeTarget;
			buildConfigurationList = 91BF15722BA6BF8B00DD7634 /* Build configuration list for PBXNativeTarget "Apple-Frameworks" */;
			buildPhases = (
				91BF15602BA6BF8900DD7634 /* Sources */,
				91BF15612BA6BF8900DD7634 /* Frameworks */,
				91BF15622BA6BF8900DD7634 /* Resources */,
			);
			buildRules = (
			);
			dependencies = (
			);
			name = "Apple-Frameworks";
			productName = "Apple-Frameworks";
			productReference = 91BF15642BA6BF8900DD7634 /* Apple-Frameworks.app */;
			productType = "com.apple.product-type.application";
		};
/* End PBXNativeTarget section */

/* Begin PBXProject section */
		91BF155C2BA6BF8900DD7634 /* Project object */ = {
			isa = PBXProject;
			attributes = {
				BuildIndependentTargetsInParallel = 1;
				LastSwiftUpdateCheck = 1500;
				LastUpgradeCheck = 1500;
				TargetAttributes = {
					91BF15632BA6BF8900DD7634 = {
						CreatedOnToolsVersion = 15.0.1;
					};
				};
			};
			buildConfigurationList = 91BF155F2BA6BF8900DD7634 /* Build configuration list for PBXProject "Apple-Frameworks" */;
			compatibilityVersion = "Xcode 14.0";
			developmentRegion = en;
			hasScannedForEncodings = 0;
			knownRegions = (
				en,
				Base,
			);
			mainGroup = 91BF155B2BA6BF8900DD7634;
			productRefGroup = 91BF15652BA6BF8900DD7634 /* Products */;
			projectDirPath = "";
			projectRoot = "";
			targets = (
				91BF15632BA6BF8900DD7634 /* Apple-Frameworks */,
			);
		};
/* End PBXProject section */

/* Begin PBXResourcesBuildPhase section */
		91BF15622BA6BF8900DD7634 /* Resources */ = {
			isa = PBXResourcesBuildPhase;
			buildActionMask = 2147483647;
			files = (
				91BF156F2BA6BF8B00DD7634 /* Preview Assets.xcassets in Resources */,
				91BF156C2BA6BF8B00DD7634 /* Assets.xcassets in Resources */,
			);
			runOnlyForDeploymentPostprocessing = 0;
		};
/* End PBXResourcesBuildPhase section */

/* Begin PBXSourcesBuildPhase section */
		91BF15602BA6BF8900DD7634 /* Sources */ = {
			isa = PBXSourcesBuildPhase;
			buildActionMask = 2147483647;
			files = (
				91CA8CD82BAFD0670066FD12 /* FrameworkDetailViewModel.swift in Sources */,
				91BF15782BA6C17700DD7634 /* FrameworkGridView.swift in Sources */,
				91BF15762BA6C01700DD7634 /* Framework.swift in Sources */,
				9135988A2BA791FF0036053B /* XDismissButton.swift in Sources */,
				91BF157A2BA6C52300DD7634 /* FrameworkTitleView.swift in Sources */,
				91BF157C2BA6CEB400DD7634 /* FrameworkDetailView.swift in Sources */,
				913598882BA78C280036053B /* SafariView.swift in Sources */,
				913598832BA6D3C50036053B /* AFButton.swift in Sources */,
				913598852BA6D8880036053B /* FrameworkGridViewModel.swift in Sources */,
				91BF15682BA6BF8900DD7634 /* Apple_FrameworksApp.swift in Sources */,
			);
			runOnlyForDeploymentPostprocessing = 0;
		};
/* End PBXSourcesBuildPhase section */

/* Begin XCBuildConfiguration section */
		91BF15702BA6BF8B00DD7634 /* Debug */ = {
			isa = XCBuildConfiguration;
			buildSettings = {
				ALWAYS_SEARCH_USER_PATHS = NO;
				ASSETCATALOG_COMPILER_GENERATE_SWIFT_ASSET_SYMBOL_EXTENSIONS = YES;
				CLANG_ANALYZER_NONNULL = YES;
				CLANG_ANALYZER_NUMBER_OBJECT_CONVERSION = YES_AGGRESSIVE;
				CLANG_CXX_LANGUAGE_STANDARD = "gnu++20";
				CLANG_ENABLE_MODULES = YES;
				CLANG_ENABLE_OBJC_ARC = YES;
				CLANG_ENABLE_OBJC_WEAK = YES;
				CLANG_WARN_BLOCK_CAPTURE_AUTORELEASING = YES;
				CLANG_WARN_BOOL_CONVERSION = YES;
				CLANG_WARN_COMMA = YES;
				CLANG_WARN_CONSTANT_CONVERSION = YES;
				CLANG_WARN_DEPRECATED_OBJC_IMPLEMENTATIONS = YES;
				CLANG_WARN_DIRECT_OBJC_ISA_USAGE = YES_ERROR;
				CLANG_WARN_DOCUMENTATION_COMMENTS = YES;
				CLANG_WARN_EMPTY_BODY = YES;
				CLANG_WARN_ENUM_CONVERSION = YES;
				CLANG_WARN_INFINITE_RECURSION = YES;
				CLANG_WARN_INT_CONVERSION = YES;
				CLANG_WARN_NON_LITERAL_NULL_CONVERSION = YES;
				CLANG_WARN_OBJC_IMPLICIT_RETAIN_SELF = YES;
				CLANG_WARN_OBJC_LITERAL_CONVERSION = YES;
				CLANG_WARN_OBJC_ROOT_CLASS = YES_ERROR;
				CLANG_WARN_QUOTED_INCLUDE_IN_FRAMEWORK_HEADER = YES;
				CLANG_WARN_RANGE_LOOP_ANALYSIS = YES;
				CLANG_WARN_STRICT_PROTOTYPES = YES;
				CLANG_WARN_SUSPICIOUS_MOVE = YES;
				CLANG_WARN_UNGUARDED_AVAILABILITY = YES_AGGRESSIVE;
				CLANG_WARN_UNREACHABLE_CODE = YES;
				CLANG_WARN__DUPLICATE_METHOD_MATCH = YES;
				COPY_PHASE_STRIP = NO;
				DEBUG_INFORMATION_FORMAT = dwarf;
				ENABLE_STRICT_OBJC_MSGSEND = YES;
				ENABLE_TESTABILITY = YES;
				ENABLE_USER_SCRIPT_SANDBOXING = YES;
				GCC_C_LANGUAGE_STANDARD = gnu17;
				GCC_DYNAMIC_NO_PIC = NO;
				GCC_NO_COMMON_BLOCKS = YES;
				GCC_OPTIMIZATION_LEVEL = 0;
				GCC_PREPROCESSOR_DEFINITIONS = (
					"DEBUG=1",
					"$(inherited)",
				);
				GCC_WARN_64_TO_32_BIT_CONVERSION = YES;
				GCC_WARN_ABOUT_RETURN_TYPE = YES_ERROR;
				GCC_WARN_UNDECLARED_SELECTOR = YES;
				GCC_WARN_UNINITIALIZED_AUTOS = YES_AGGRESSIVE;
				GCC_WARN_UNUSED_FUNCTION = YES;
				GCC_WARN_UNUSED_VARIABLE = YES;
				IPHONEOS_DEPLOYMENT_TARGET = 17.0;
				LOCALIZATION_PREFERS_STRING_CATALOGS = YES;
				MTL_ENABLE_DEBUG_INFO = INCLUDE_SOURCE;
				MTL_FAST_MATH = YES;
				ONLY_ACTIVE_ARCH = YES;
				SDKROOT = iphoneos;
				SWIFT_ACTIVE_COMPILATION_CONDITIONS = "DEBUG $(inherited)";
				SWIFT_OPTIMIZATION_LEVEL = "-Onone";
			};
			name = Debug;
		};
		91BF15712BA6BF8B00DD7634 /* Release */ = {
			isa = XCBuildConfiguration;
			buildSettings = {
				ALWAYS_SEARCH_USER_PATHS = NO;
				ASSETCATALOG_COMPILER_GENERATE_SWIFT_ASSET_SYMBOL_EXTENSIONS = YES;
				CLANG_ANALYZER_NONNULL = YES;
				CLANG_ANALYZER_NUMBER_OBJECT_CONVERSION = YES_AGGRESSIVE;
				CLANG_CXX_LANGUAGE_STANDARD = "gnu++20";
				CLANG_ENABLE_MODULES = YES;
				CLANG_ENABLE_OBJC_ARC = YES;
				CLANG_ENABLE_OBJC_WEAK = YES;
				CLANG_WARN_BLOCK_CAPTURE_AUTORELEASING = YES;
				CLANG_WARN_BOOL_CONVERSION = YES;
				CLANG_WARN_COMMA = YES;
				CLANG_WARN_CONSTANT_CONVERSION = YES;
				CLANG_WARN_DEPRECATED_OBJC_IMPLEMENTATIONS = YES;
				CLANG_WARN_DIRECT_OBJC_ISA_USAGE = YES_ERROR;
				CLANG_WARN_DOCUMENTATION_COMMENTS = YES;
				CLANG_WARN_EMPTY_BODY = YES;
				CLANG_WARN_ENUM_CONVERSION = YES;
				CLANG_WARN_INFINITE_RECURSION = YES;
				CLANG_WARN_INT_CONVERSION = YES;
				CLANG_WARN_NON_LITERAL_NULL_CONVERSION = YES;
				CLANG_WARN_OBJC_IMPLICIT_RETAIN_SELF = YES;
				CLANG_WARN_OBJC_LITERAL_CONVERSION = YES;
				CLANG_WARN_OBJC_ROOT_CLASS = YES_ERROR;
				CLANG_WARN_QUOTED_INCLUDE_IN_FRAMEWORK_HEADER = YES;
				CLANG_WARN_RANGE_LOOP_ANALYSIS = YES;
				CLANG_WARN_STRICT_PROTOTYPES = YES;
				CLANG_WARN_SUSPICIOUS_MOVE = YES;
				CLANG_WARN_UNGUARDED_AVAILABILITY = YES_AGGRESSIVE;
				CLANG_WARN_UNREACHABLE_CODE = YES;
				CLANG_WARN__DUPLICATE_METHOD_MATCH = YES;
				COPY_PHASE_STRIP = NO;
				DEBUG_INFORMATION_FORMAT = "dwarf-with-dsym";
				ENABLE_NS_ASSERTIONS = NO;
				ENABLE_STRICT_OBJC_MSGSEND = YES;
				ENABLE_USER_SCRIPT_SANDBOXING = YES;
				GCC_C_LANGUAGE_STANDARD = gnu17;
				GCC_NO_COMMON_BLOCKS = YES;
				GCC_WARN_64_TO_32_BIT_CONVERSION = YES;
				GCC_WARN_ABOUT_RETURN_TYPE = YES_ERROR;
				GCC_WARN_UNDECLARED_SELECTOR = YES;
				GCC_WARN_UNINITIALIZED_AUTOS = YES_AGGRESSIVE;
				GCC_WARN_UNUSED_FUNCTION = YES;
				GCC_WARN_UNUSED_VARIABLE = YES;
				IPHONEOS_DEPLOYMENT_TARGET = 17.0;
				LOCALIZATION_PREFERS_STRING_CATALOGS = YES;
				MTL_ENABLE_DEBUG_INFO = NO;
				MTL_FAST_MATH = YES;
				SDKROOT = iphoneos;
				SWIFT_COMPILATION_MODE = wholemodule;
				VALIDATE_PRODUCT = YES;
			};
			name = Release;
		};
		91BF15732BA6BF8B00DD7634 /* Debug */ = {
			isa = XCBuildConfiguration;
			buildSettings = {
				ASSETCATALOG_COMPILER_APPICON_NAME = AppIcon;
				ASSETCATALOG_COMPILER_GLOBAL_ACCENT_COLOR_NAME = AccentColor;
				CODE_SIGN_STYLE = Automatic;
				CURRENT_PROJECT_VERSION = 1;
				DEVELOPMENT_ASSET_PATHS = "\"Apple-Frameworks/Preview Content\"";
				DEVELOPMENT_TEAM = J92SCDW5UB;
				ENABLE_PREVIEWS = YES;
				GENERATE_INFOPLIST_FILE = YES;
				INFOPLIST_KEY_UIApplicationSceneManifest_Generation = YES;
				INFOPLIST_KEY_UIApplicationSupportsIndirectInputEvents = YES;
				INFOPLIST_KEY_UILaunchScreen_Generation = YES;
				INFOPLIST_KEY_UISupportedInterfaceOrientations_iPad = "UIInterfaceOrientationPortrait UIInterfaceOrientationPortraitUpsideDown UIInterfaceOrientationLandscapeLeft UIInterfaceOrientationLandscapeRight";
				INFOPLIST_KEY_UISupportedInterfaceOrientations_iPhone = "UIInterfaceOrientationPortrait UIInterfaceOrientationLandscapeLeft UIInterfaceOrientationLandscapeRight";
				LD_RUNPATH_SEARCH_PATHS = (
					"$(inherited)",
					"@executable_path/Frameworks",
				);
				MARKETING_VERSION = 1.0;
				PRODUCT_BUNDLE_IDENTIFIER = "immmax.Apple-Frameworks";
				PRODUCT_NAME = "$(TARGET_NAME)";
				SWIFT_EMIT_LOC_STRINGS = YES;
				SWIFT_VERSION = 5.0;
				TARGETED_DEVICE_FAMILY = "1,2";
			};
			name = Debug;
		};
		91BF15742BA6BF8B00DD7634 /* Release */ = {
			isa = XCBuildConfiguration;
			buildSettings = {
				ASSETCATALOG_COMPILER_APPICON_NAME = AppIcon;
				ASSETCATALOG_COMPILER_GLOBAL_ACCENT_COLOR_NAME = AccentColor;
				CODE_SIGN_STYLE = Automatic;
				CURRENT_PROJECT_VERSION = 1;
				DEVELOPMENT_ASSET_PATHS = "\"Apple-Frameworks/Preview Content\"";
				DEVELOPMENT_TEAM = J92SCDW5UB;
				ENABLE_PREVIEWS = YES;
				GENERATE_INFOPLIST_FILE = YES;
				INFOPLIST_KEY_UIApplicationSceneManifest_Generation = YES;
				INFOPLIST_KEY_UIApplicationSupportsIndirectInputEvents = YES;
				INFOPLIST_KEY_UILaunchScreen_Generation = YES;
				INFOPLIST_KEY_UISupportedInterfaceOrientations_iPad = "UIInterfaceOrientationPortrait UIInterfaceOrientationPortraitUpsideDown UIInterfaceOrientationLandscapeLeft UIInterfaceOrientationLandscapeRight";
				INFOPLIST_KEY_UISupportedInterfaceOrientations_iPhone = "UIInterfaceOrientationPortrait UIInterfaceOrientationLandscapeLeft UIInterfaceOrientationLandscapeRight";
				LD_RUNPATH_SEARCH_PATHS = (
					"$(inherited)",
					"@executable_path/Frameworks",
				);
				MARKETING_VERSION = 1.0;
				PRODUCT_BUNDLE_IDENTIFIER = "immmax.Apple-Frameworks";
				PRODUCT_NAME = "$(TARGET_NAME)";
				SWIFT_EMIT_LOC_STRINGS = YES;
				SWIFT_VERSION = 5.0;
				TARGETED_DEVICE_FAMILY = "1,2";
			};
			name = Release;
		};
/* End XCBuildConfiguration section */

/* Begin XCConfigurationList section */
		91BF155F2BA6BF8900DD7634 /* Build configuration list for PBXProject "Apple-Frameworks" */ = {
			isa = XCConfigurationList;
			buildConfigurations = (
				91BF15702BA6BF8B00DD7634 /* Debug */,
				91BF15712BA6BF8B00DD7634 /* Release */,
			);
			defaultConfigurationIsVisible = 0;
			defaultConfigurationName = Release;
		};
		91BF15722BA6BF8B00DD7634 /* Build configuration list for PBXNativeTarget "Apple-Frameworks" */ = {
			isa = XCConfigurationList;
			buildConfigurations = (
				91BF15732BA6BF8B00DD7634 /* Debug */,
				91BF15742BA6BF8B00DD7634 /* Release */,
			);
			defaultConfigurationIsVisible = 0;
			defaultConfigurationName = Release;
		};
/* End XCConfigurationList section */
	};
	rootObject = 91BF155C2BA6BF8900DD7634 /* Project object */;
}
