// !$*UTF8*$!
{
	archiveVersion = 1;
	classes = {
	};
	objectVersion = 56;
	objects = {

/* Begin PBXBuildFile section */
		911C4A042BA94A1500FD8AE7 /* RemoteImage.swift in Sources */ = {isa = PBXBuildFile; fileRef = 911C4A032BA94A1500FD8AE7 /* RemoteImage.swift */; };
		911C4A142BABF1DD00FD8AE7 /* AppetizerDetailView.swift in Sources */ = {isa = PBXBuildFile; fileRef = 911C4A132BABF1DD00FD8AE7 /* AppetizerDetailView.swift */; };
		911C4A172BAC2F2700FD8AE7 /* APButton.swift in Sources */ = {isa = PBXBuildFile; fileRef = 911C4A162BAC2F2600FD8AE7 /* APButton.swift */; };
		911C4A192BAC2FBE00FD8AE7 /* XDismissButton.swift in Sources */ = {isa = PBXBuildFile; fileRef = 911C4A182BAC2FBE00FD8AE7 /* XDismissButton.swift */; };
		911C4A1B2BAC385F00FD8AE7 /* AccountViewModel.swift in Sources */ = {isa = PBXBuildFile; fileRef = 911C4A1A2BAC385F00FD8AE7 /* AccountViewModel.swift */; };
		911C4A1D2BAC39F200FD8AE7 /* String+Ext.swift in Sources */ = {isa = PBXBuildFile; fileRef = 911C4A1C2BAC39F200FD8AE7 /* String+Ext.swift */; };
		911C4A1F2BAC407100FD8AE7 /* User.swift in Sources */ = {isa = PBXBuildFile; fileRef = 911C4A1E2BAC407100FD8AE7 /* User.swift */; };
		914612032BA7DA7B00542FE4 /* AppetizersApp.swift in Sources */ = {isa = PBXBuildFile; fileRef = 914612022BA7DA7B00542FE4 /* AppetizersApp.swift */; };
		914612052BA7DA7B00542FE4 /* AppetizerTabView.swift in Sources */ = {isa = PBXBuildFile; fileRef = 914612042BA7DA7B00542FE4 /* AppetizerTabView.swift */; };
		914612072BA7DA7E00542FE4 /* Assets.xcassets in Resources */ = {isa = PBXBuildFile; fileRef = 914612062BA7DA7E00542FE4 /* Assets.xcassets */; };
		9146120A2BA7DA7E00542FE4 /* Preview Assets.xcassets in Resources */ = {isa = PBXBuildFile; fileRef = 914612092BA7DA7E00542FE4 /* Preview Assets.xcassets */; };
		914612112BA7DB3800542FE4 /* AppetizerListView.swift in Sources */ = {isa = PBXBuildFile; fileRef = 914612102BA7DB3800542FE4 /* AppetizerListView.swift */; };
		914612132BA7DB3F00542FE4 /* AccountView.swift in Sources */ = {isa = PBXBuildFile; fileRef = 914612122BA7DB3F00542FE4 /* AccountView.swift */; };
		914612152BA7DB4500542FE4 /* OrderView.swift in Sources */ = {isa = PBXBuildFile; fileRef = 914612142BA7DB4500542FE4 /* OrderView.swift */; };
		914612172BA8060100542FE4 /* Appetizer.swift in Sources */ = {isa = PBXBuildFile; fileRef = 914612162BA8060100542FE4 /* Appetizer.swift */; };
		914612192BA8230E00542FE4 /* AppetizerListCell.swift in Sources */ = {isa = PBXBuildFile; fileRef = 914612182BA8230E00542FE4 /* AppetizerListCell.swift */; };
		9146121B2BA826D900542FE4 /* NetworkManager.swift in Sources */ = {isa = PBXBuildFile; fileRef = 9146121A2BA826D900542FE4 /* NetworkManager.swift */; };
		9146121D2BA8282F00542FE4 /* APError.swift in Sources */ = {isa = PBXBuildFile; fileRef = 9146121C2BA8282F00542FE4 /* APError.swift */; };
		9146121F2BA92D9B00542FE4 /* AppetizerListViewModel.swift in Sources */ = {isa = PBXBuildFile; fileRef = 9146121E2BA92D9B00542FE4 /* AppetizerListViewModel.swift */; };
		914612222BA9313500542FE4 /* Alert.swift in Sources */ = {isa = PBXBuildFile; fileRef = 914612212BA9313500542FE4 /* Alert.swift */; };
		914612242BA935B000542FE4 /* LoadingView.swift in Sources */ = {isa = PBXBuildFile; fileRef = 914612232BA935B000542FE4 /* LoadingView.swift */; };
		91D7020A2BACCFFA0052E65A /* EmptyState.swift in Sources */ = {isa = PBXBuildFile; fileRef = 91D702092BACCFFA0052E65A /* EmptyState.swift */; };
		91D7020C2BAD6C640052E65A /* Order.swift in Sources */ = {isa = PBXBuildFile; fileRef = 91D7020B2BAD6C640052E65A /* Order.swift */; };
/* End PBXBuildFile section */

/* Begin PBXFileReference section */
		911C4A032BA94A1500FD8AE7 /* RemoteImage.swift */ = {isa = PBXFileReference; lastKnownFileType = sourcecode.swift; path = RemoteImage.swift; sourceTree = "<group>"; };
		911C4A132BABF1DD00FD8AE7 /* AppetizerDetailView.swift */ = {isa = PBXFileReference; lastKnownFileType = sourcecode.swift; path = AppetizerDetailView.swift; sourceTree = "<group>"; };
		911C4A162BAC2F2600FD8AE7 /* APButton.swift */ = {isa = PBXFileReference; lastKnownFileType = sourcecode.swift; path = APButton.swift; sourceTree = "<group>"; };
		911C4A182BAC2FBE00FD8AE7 /* XDismissButton.swift */ = {isa = PBXFileReference; lastKnownFileType = sourcecode.swift; path = XDismissButton.swift; sourceTree = "<group>"; };
		911C4A1A2BAC385F00FD8AE7 /* AccountViewModel.swift */ = {isa = PBXFileReference; lastKnownFileType = sourcecode.swift; path = AccountViewModel.swift; sourceTree = "<group>"; };
		911C4A1C2BAC39F200FD8AE7 /* String+Ext.swift */ = {isa = PBXFileReference; lastKnownFileType = sourcecode.swift; path = "String+Ext.swift"; sourceTree = "<group>"; };
		911C4A1E2BAC407100FD8AE7 /* User.swift */ = {isa = PBXFileReference; lastKnownFileType = sourcecode.swift; path = User.swift; sourceTree = "<group>"; };
		914611FF2BA7DA7B00542FE4 /* Appetizers.app */ = {isa = PBXFileReference; explicitFileType = wrapper.application; includeInIndex = 0; path = Appetizers.app; sourceTree = BUILT_PRODUCTS_DIR; };
		914612022BA7DA7B00542FE4 /* AppetizersApp.swift */ = {isa = PBXFileReference; lastKnownFileType = sourcecode.swift; path = AppetizersApp.swift; sourceTree = "<group>"; };
		914612042BA7DA7B00542FE4 /* AppetizerTabView.swift */ = {isa = PBXFileReference; lastKnownFileType = sourcecode.swift; path = AppetizerTabView.swift; sourceTree = "<group>"; };
		914612062BA7DA7E00542FE4 /* Assets.xcassets */ = {isa = PBXFileReference; lastKnownFileType = folder.assetcatalog; path = Assets.xcassets; sourceTree = "<group>"; };
		914612092BA7DA7E00542FE4 /* Preview Assets.xcassets */ = {isa = PBXFileReference; lastKnownFileType = folder.assetcatalog; path = "Preview Assets.xcassets"; sourceTree = "<group>"; };
		914612102BA7DB3800542FE4 /* AppetizerListView.swift */ = {isa = PBXFileReference; lastKnownFileType = sourcecode.swift; path = AppetizerListView.swift; sourceTree = "<group>"; };
		914612122BA7DB3F00542FE4 /* AccountView.swift */ = {isa = PBXFileReference; lastKnownFileType = sourcecode.swift; path = AccountView.swift; sourceTree = "<group>"; };
		914612142BA7DB4500542FE4 /* OrderView.swift */ = {isa = PBXFileReference; lastKnownFileType = sourcecode.swift; path = OrderView.swift; sourceTree = "<group>"; };
		914612162BA8060100542FE4 /* Appetizer.swift */ = {isa = PBXFileReference; lastKnownFileType = sourcecode.swift; path = Appetizer.swift; sourceTree = "<group>"; };
		914612182BA8230E00542FE4 /* AppetizerListCell.swift */ = {isa = PBXFileReference; lastKnownFileType = sourcecode.swift; path = AppetizerListCell.swift; sourceTree = "<group>"; };
		9146121A2BA826D900542FE4 /* NetworkManager.swift */ = {isa = PBXFileReference; lastKnownFileType = sourcecode.swift; path = NetworkManager.swift; sourceTree = "<group>"; };
		9146121C2BA8282F00542FE4 /* APError.swift */ = {isa = PBXFileReference; lastKnownFileType = sourcecode.swift; path = APError.swift; sourceTree = "<group>"; };
		9146121E2BA92D9B00542FE4 /* AppetizerListViewModel.swift */ = {isa = PBXFileReference; lastKnownFileType = sourcecode.swift; path = AppetizerListViewModel.swift; sourceTree = "<group>"; };
		914612212BA9313500542FE4 /* Alert.swift */ = {isa = PBXFileReference; lastKnownFileType = sourcecode.swift; path = Alert.swift; sourceTree = "<group>"; };
		914612232BA935B000542FE4 /* LoadingView.swift */ = {isa = PBXFileReference; lastKnownFileType = sourcecode.swift; path = LoadingView.swift; sourceTree = "<group>"; };
		91D702092BACCFFA0052E65A /* EmptyState.swift */ = {isa = PBXFileReference; lastKnownFileType = sourcecode.swift; path = EmptyState.swift; sourceTree = "<group>"; };
		91D7020B2BAD6C640052E65A /* Order.swift */ = {isa = PBXFileReference; lastKnownFileType = sourcecode.swift; path = Order.swift; sourceTree = "<group>"; };
/* End PBXFileReference section */

/* Begin PBXFrameworksBuildPhase section */
		914611FC2BA7DA7B00542FE4 /* Frameworks */ = {
			isa = PBXFrameworksBuildPhase;
			buildActionMask = 2147483647;
			files = (
			);
			runOnlyForDeploymentPostprocessing = 0;
		};
/* End PBXFrameworksBuildPhase section */

/* Begin PBXGroup section */
		911C4A052BABEDF000FD8AE7 /* Screens */ = {
			isa = PBXGroup;
			children = (
				914612042BA7DA7B00542FE4 /* AppetizerTabView.swift */,
				911C4A062BABEDFB00FD8AE7 /* AppetizerListView */,
				911C4A072BABEE0600FD8AE7 /* AccountView */,
				911C4A082BABEE0E00FD8AE7 /* OrderView */,
			);
			path = Screens;
			sourceTree = "<group>";
		};
		911C4A062BABEDFB00FD8AE7 /* AppetizerListView */ = {
			isa = PBXGroup;
			children = (
				911C4A132BABF1DD00FD8AE7 /* AppetizerDetailView.swift */,
				9146121E2BA92D9B00542FE4 /* AppetizerListViewModel.swift */,
				914612102BA7DB3800542FE4 /* AppetizerListView.swift */,
			);
			path = AppetizerListView;
			sourceTree = "<group>";
		};
		911C4A072BABEE0600FD8AE7 /* AccountView */ = {
			isa = PBXGroup;
			children = (
				911C4A1A2BAC385F00FD8AE7 /* AccountViewModel.swift */,
				911C4A1C2BAC39F200FD8AE7 /* String+Ext.swift */,
				914612122BA7DB3F00542FE4 /* AccountView.swift */,
			);
			path = AccountView;
			sourceTree = "<group>";
		};
		911C4A082BABEE0E00FD8AE7 /* OrderView */ = {
			isa = PBXGroup;
			children = (
				914612142BA7DB4500542FE4 /* OrderView.swift */,
			);
			path = OrderView;
			sourceTree = "<group>";
		};
		911C4A092BABEE4F00FD8AE7 /* Utilities */ = {
			isa = PBXGroup;
			children = (
				911C4A0C2BABEE8D00FD8AE7 /* Alerts */,
				911C4A0B2BABEE6400FD8AE7 /* Extensions */,
				911C4A0A2BABEE5800FD8AE7 /* Managers */,
			);
			path = Utilities;
			sourceTree = "<group>";
		};
		911C4A0A2BABEE5800FD8AE7 /* Managers */ = {
			isa = PBXGroup;
			children = (
				9146121A2BA826D900542FE4 /* NetworkManager.swift */,
			);
			path = Managers;
			sourceTree = "<group>";
		};
		911C4A0B2BABEE6400FD8AE7 /* Extensions */ = {
			isa = PBXGroup;
			children = (
			);
			path = Extensions;
			sourceTree = "<group>";
		};
		911C4A0C2BABEE8D00FD8AE7 /* Alerts */ = {
			isa = PBXGroup;
			children = (
				914612212BA9313500542FE4 /* Alert.swift */,
				9146121C2BA8282F00542FE4 /* APError.swift */,
			);
			path = Alerts;
			sourceTree = "<group>";
		};
		911C4A0D2BABEEAF00FD8AE7 /* Model */ = {
			isa = PBXGroup;
			children = (
				914612162BA8060100542FE4 /* Appetizer.swift */,
				911C4A1E2BAC407100FD8AE7 /* User.swift */,
				91D7020B2BAD6C640052E65A /* Order.swift */,
			);
			path = Model;
			sourceTree = "<group>";
		};
		911C4A0E2BABEEBD00FD8AE7 /* UIKit Components */ = {
			isa = PBXGroup;
			children = (
				914612232BA935B000542FE4 /* LoadingView.swift */,
			);
			path = "UIKit Components";
			sourceTree = "<group>";
		};
		911C4A0F2BABEED600FD8AE7 /* Views */ = {
			isa = PBXGroup;
			children = (
				91D702082BACCFD10052E65A /* Empty States */,
				911C4A152BAC2F1900FD8AE7 /* Buttons */,
				911C4A112BABEEE800FD8AE7 /* Image */,
				911C4A102BABEEE000FD8AE7 /* Cells */,
				911C4A0E2BABEEBD00FD8AE7 /* UIKit Components */,
			);
			path = Views;
			sourceTree = "<group>";
		};
		911C4A102BABEEE000FD8AE7 /* Cells */ = {
			isa = PBXGroup;
			children = (
				914612182BA8230E00542FE4 /* AppetizerListCell.swift */,
			);
			path = Cells;
			sourceTree = "<group>";
		};
		911C4A112BABEEE800FD8AE7 /* Image */ = {
			isa = PBXGroup;
			children = (
				911C4A032BA94A1500FD8AE7 /* RemoteImage.swift */,
			);
			path = Image;
			sourceTree = "<group>";
		};
		911C4A152BAC2F1900FD8AE7 /* Buttons */ = {
			isa = PBXGroup;
			children = (
				911C4A162BAC2F2600FD8AE7 /* APButton.swift */,
				911C4A182BAC2FBE00FD8AE7 /* XDismissButton.swift */,
			);
			path = Buttons;
			sourceTree = "<group>";
		};
		914611F62BA7DA7B00542FE4 = {
			isa = PBXGroup;
			children = (
				914612012BA7DA7B00542FE4 /* Appetizers */,
				914612002BA7DA7B00542FE4 /* Products */,
			);
			sourceTree = "<group>";
		};
		914612002BA7DA7B00542FE4 /* Products */ = {
			isa = PBXGroup;
			children = (
				914611FF2BA7DA7B00542FE4 /* Appetizers.app */,
			);
			name = Products;
			sourceTree = "<group>";
		};
		914612012BA7DA7B00542FE4 /* Appetizers */ = {
			isa = PBXGroup;
			children = (
				911C4A0D2BABEEAF00FD8AE7 /* Model */,
				911C4A092BABEE4F00FD8AE7 /* Utilities */,
				911C4A0F2BABEED600FD8AE7 /* Views */,
				911C4A052BABEDF000FD8AE7 /* Screens */,
				914612022BA7DA7B00542FE4 /* AppetizersApp.swift */,
				914612062BA7DA7E00542FE4 /* Assets.xcassets */,
				914612082BA7DA7E00542FE4 /* Preview Content */,
			);
			path = Appetizers;
			sourceTree = "<group>";
		};
		914612082BA7DA7E00542FE4 /* Preview Content */ = {
			isa = PBXGroup;
			children = (
				914612092BA7DA7E00542FE4 /* Preview Assets.xcassets */,
			);
			path = "Preview Content";
			sourceTree = "<group>";
		};
		91D702082BACCFD10052E65A /* Empty States */ = {
			isa = PBXGroup;
			children = (
				91D702092BACCFFA0052E65A /* EmptyState.swift */,
			);
			path = "Empty States";
			sourceTree = "<group>";
		};
/* End PBXGroup section */

/* Begin PBXNativeTarget section */
		914611FE2BA7DA7B00542FE4 /* Appetizers */ = {
			isa = PBXNativeTarget;
			buildConfigurationList = 9146120D2BA7DA7E00542FE4 /* Build configuration list for PBXNativeTarget "Appetizers" */;
			buildPhases = (
				914611FB2BA7DA7B00542FE4 /* Sources */,
				914611FC2BA7DA7B00542FE4 /* Frameworks */,
				914611FD2BA7DA7B00542FE4 /* Resources */,
			);
			buildRules = (
			);
			dependencies = (
			);
			name = Appetizers;
			productName = Appetizers;
			productReference = 914611FF2BA7DA7B00542FE4 /* Appetizers.app */;
			productType = "com.apple.product-type.application";
		};
/* End PBXNativeTarget section */

/* Begin PBXProject section */
		914611F72BA7DA7B00542FE4 /* Project object */ = {
			isa = PBXProject;
			attributes = {
				BuildIndependentTargetsInParallel = 1;
				LastSwiftUpdateCheck = 1500;
				LastUpgradeCheck = 1500;
				TargetAttributes = {
					914611FE2BA7DA7B00542FE4 = {
						CreatedOnToolsVersion = 15.0.1;
					};
				};
			};
			buildConfigurationList = 914611FA2BA7DA7B00542FE4 /* Build configuration list for PBXProject "Appetizers" */;
			compatibilityVersion = "Xcode 14.0";
			developmentRegion = en;
			hasScannedForEncodings = 0;
			knownRegions = (
				en,
				Base,
			);
			mainGroup = 914611F62BA7DA7B00542FE4;
			productRefGroup = 914612002BA7DA7B00542FE4 /* Products */;
			projectDirPath = "";
			projectRoot = "";
			targets = (
				914611FE2BA7DA7B00542FE4 /* Appetizers */,
			);
		};
/* End PBXProject section */

/* Begin PBXResourcesBuildPhase section */
		914611FD2BA7DA7B00542FE4 /* Resources */ = {
			isa = PBXResourcesBuildPhase;
			buildActionMask = 2147483647;
			files = (
				9146120A2BA7DA7E00542FE4 /* Preview Assets.xcassets in Resources */,
				914612072BA7DA7E00542FE4 /* Assets.xcassets in Resources */,
			);
			runOnlyForDeploymentPostprocessing = 0;
		};
/* End PBXResourcesBuildPhase section */

/* Begin PBXSourcesBuildPhase section */
		914611FB2BA7DA7B00542FE4 /* Sources */ = {
			isa = PBXSourcesBuildPhase;
			buildActionMask = 2147483647;
			files = (
				911C4A1D2BAC39F200FD8AE7 /* String+Ext.swift in Sources */,
				914612172BA8060100542FE4 /* Appetizer.swift in Sources */,
				9146121D2BA8282F00542FE4 /* APError.swift in Sources */,
				914612192BA8230E00542FE4 /* AppetizerListCell.swift in Sources */,
				911C4A172BAC2F2700FD8AE7 /* APButton.swift in Sources */,
				911C4A142BABF1DD00FD8AE7 /* AppetizerDetailView.swift in Sources */,
				91D7020C2BAD6C640052E65A /* Order.swift in Sources */,
				9146121F2BA92D9B00542FE4 /* AppetizerListViewModel.swift in Sources */,
				91D7020A2BACCFFA0052E65A /* EmptyState.swift in Sources */,
				914612132BA7DB3F00542FE4 /* AccountView.swift in Sources */,
				914612242BA935B000542FE4 /* LoadingView.swift in Sources */,
				911C4A042BA94A1500FD8AE7 /* RemoteImage.swift in Sources */,
				914612052BA7DA7B00542FE4 /* AppetizerTabView.swift in Sources */,
				9146121B2BA826D900542FE4 /* NetworkManager.swift in Sources */,
				914612032BA7DA7B00542FE4 /* AppetizersApp.swift in Sources */,
				914612222BA9313500542FE4 /* Alert.swift in Sources */,
				914612112BA7DB3800542FE4 /* AppetizerListView.swift in Sources */,
				914612152BA7DB4500542FE4 /* OrderView.swift in Sources */,
				911C4A1B2BAC385F00FD8AE7 /* AccountViewModel.swift in Sources */,
				911C4A192BAC2FBE00FD8AE7 /* XDismissButton.swift in Sources */,
				911C4A1F2BAC407100FD8AE7 /* User.swift in Sources */,
			);
			runOnlyForDeploymentPostprocessing = 0;
		};
/* End PBXSourcesBuildPhase section */

/* Begin XCBuildConfiguration section */
		9146120B2BA7DA7E00542FE4 /* Debug */ = {
			isa = XCBuildConfiguration;
			buildSettings = {
				ALWAYS_SEARCH_USER_PATHS = NO;
				ASSETCATALOG_COMPILER_GENERATE_SWIFT_ASSET_SYMBOL_EXTENSIONS = YES;
				CLANG_ANALYZER_NONNULL = YES;
				CLANG_ANALYZER_NUMBER_OBJECT_CONVERSION = YES_AGGRESSIVE;
				CLANG_CXX_LANGUAGE_STANDARD = "gnu++20";
				CLANG_ENABLE_MODULES = YES;
				CLANG_ENABLE_OBJC_ARC = YES;
				CLANG_ENABLE_OBJC_WEAK = YES;
				CLANG_WARN_BLOCK_CAPTURE_AUTORELEASING = YES;
				CLANG_WARN_BOOL_CONVERSION = YES;
				CLANG_WARN_COMMA = YES;
				CLANG_WARN_CONSTANT_CONVERSION = YES;
				CLANG_WARN_DEPRECATED_OBJC_IMPLEMENTATIONS = YES;
				CLANG_WARN_DIRECT_OBJC_ISA_USAGE = YES_ERROR;
				CLANG_WARN_DOCUMENTATION_COMMENTS = YES;
				CLANG_WARN_EMPTY_BODY = YES;
				CLANG_WARN_ENUM_CONVERSION = YES;
				CLANG_WARN_INFINITE_RECURSION = YES;
				CLANG_WARN_INT_CONVERSION = YES;
				CLANG_WARN_NON_LITERAL_NULL_CONVERSION = YES;
				CLANG_WARN_OBJC_IMPLICIT_RETAIN_SELF = YES;
				CLANG_WARN_OBJC_LITERAL_CONVERSION = YES;
				CLANG_WARN_OBJC_ROOT_CLASS = YES_ERROR;
				CLANG_WARN_QUOTED_INCLUDE_IN_FRAMEWORK_HEADER = YES;
				CLANG_WARN_RANGE_LOOP_ANALYSIS = YES;
				CLANG_WARN_STRICT_PROTOTYPES = YES;
				CLANG_WARN_SUSPICIOUS_MOVE = YES;
				CLANG_WARN_UNGUARDED_AVAILABILITY = YES_AGGRESSIVE;
				CLANG_WARN_UNREACHABLE_CODE = YES;
				CLANG_WARN__DUPLICATE_METHOD_MATCH = YES;
				COPY_PHASE_STRIP = NO;
				DEBUG_INFORMATION_FORMAT = dwarf;
				ENABLE_STRICT_OBJC_MSGSEND = YES;
				ENABLE_TESTABILITY = YES;
				ENABLE_USER_SCRIPT_SANDBOXING = YES;
				GCC_C_LANGUAGE_STANDARD = gnu17;
				GCC_DYNAMIC_NO_PIC = NO;
				GCC_NO_COMMON_BLOCKS = YES;
				GCC_OPTIMIZATION_LEVEL = 0;
				GCC_PREPROCESSOR_DEFINITIONS = (
					"DEBUG=1",
					"$(inherited)",
				);
				GCC_WARN_64_TO_32_BIT_CONVERSION = YES;
				GCC_WARN_ABOUT_RETURN_TYPE = YES_ERROR;
				GCC_WARN_UNDECLARED_SELECTOR = YES;
				GCC_WARN_UNINITIALIZED_AUTOS = YES_AGGRESSIVE;
				GCC_WARN_UNUSED_FUNCTION = YES;
				GCC_WARN_UNUSED_VARIABLE = YES;
				IPHONEOS_DEPLOYMENT_TARGET = 17.0;
				LOCALIZATION_PREFERS_STRING_CATALOGS = YES;
				MTL_ENABLE_DEBUG_INFO = INCLUDE_SOURCE;
				MTL_FAST_MATH = YES;
				ONLY_ACTIVE_ARCH = YES;
				SDKROOT = iphoneos;
				SWIFT_ACTIVE_COMPILATION_CONDITIONS = "DEBUG $(inherited)";
				SWIFT_OPTIMIZATION_LEVEL = "-Onone";
			};
			name = Debug;
		};
		9146120C2BA7DA7E00542FE4 /* Release */ = {
			isa = XCBuildConfiguration;
			buildSettings = {
				ALWAYS_SEARCH_USER_PATHS = NO;
				ASSETCATALOG_COMPILER_GENERATE_SWIFT_ASSET_SYMBOL_EXTENSIONS = YES;
				CLANG_ANALYZER_NONNULL = YES;
				CLANG_ANALYZER_NUMBER_OBJECT_CONVERSION = YES_AGGRESSIVE;
				CLANG_CXX_LANGUAGE_STANDARD = "gnu++20";
				CLANG_ENABLE_MODULES = YES;
				CLANG_ENABLE_OBJC_ARC = YES;
				CLANG_ENABLE_OBJC_WEAK = YES;
				CLANG_WARN_BLOCK_CAPTURE_AUTORELEASING = YES;
				CLANG_WARN_BOOL_CONVERSION = YES;
				CLANG_WARN_COMMA = YES;
				CLANG_WARN_CONSTANT_CONVERSION = YES;
				CLANG_WARN_DEPRECATED_OBJC_IMPLEMENTATIONS = YES;
				CLANG_WARN_DIRECT_OBJC_ISA_USAGE = YES_ERROR;
				CLANG_WARN_DOCUMENTATION_COMMENTS = YES;
				CLANG_WARN_EMPTY_BODY = YES;
				CLANG_WARN_ENUM_CONVERSION = YES;
				CLANG_WARN_INFINITE_RECURSION = YES;
				CLANG_WARN_INT_CONVERSION = YES;
				CLANG_WARN_NON_LITERAL_NULL_CONVERSION = YES;
				CLANG_WARN_OBJC_IMPLICIT_RETAIN_SELF = YES;
				CLANG_WARN_OBJC_LITERAL_CONVERSION = YES;
				CLANG_WARN_OBJC_ROOT_CLASS = YES_ERROR;
				CLANG_WARN_QUOTED_INCLUDE_IN_FRAMEWORK_HEADER = YES;
				CLANG_WARN_RANGE_LOOP_ANALYSIS = YES;
				CLANG_WARN_STRICT_PROTOTYPES = YES;
				CLANG_WARN_SUSPICIOUS_MOVE = YES;
				CLANG_WARN_UNGUARDED_AVAILABILITY = YES_AGGRESSIVE;
				CLANG_WARN_UNREACHABLE_CODE = YES;
				CLANG_WARN__DUPLICATE_METHOD_MATCH = YES;
				COPY_PHASE_STRIP = NO;
				DEBUG_INFORMATION_FORMAT = "dwarf-with-dsym";
				ENABLE_NS_ASSERTIONS = NO;
				ENABLE_STRICT_OBJC_MSGSEND = YES;
				ENABLE_USER_SCRIPT_SANDBOXING = YES;
				GCC_C_LANGUAGE_STANDARD = gnu17;
				GCC_NO_COMMON_BLOCKS = YES;
				GCC_WARN_64_TO_32_BIT_CONVERSION = YES;
				GCC_WARN_ABOUT_RETURN_TYPE = YES_ERROR;
				GCC_WARN_UNDECLARED_SELECTOR = YES;
				GCC_WARN_UNINITIALIZED_AUTOS = YES_AGGRESSIVE;
				GCC_WARN_UNUSED_FUNCTION = YES;
				GCC_WARN_UNUSED_VARIABLE = YES;
				IPHONEOS_DEPLOYMENT_TARGET = 17.0;
				LOCALIZATION_PREFERS_STRING_CATALOGS = YES;
				MTL_ENABLE_DEBUG_INFO = NO;
				MTL_FAST_MATH = YES;
				SDKROOT = iphoneos;
				SWIFT_COMPILATION_MODE = wholemodule;
				VALIDATE_PRODUCT = YES;
			};
			name = Release;
		};
		9146120E2BA7DA7E00542FE4 /* Debug */ = {
			isa = XCBuildConfiguration;
			buildSettings = {
				ASSETCATALOG_COMPILER_APPICON_NAME = AppIcon;
				ASSETCATALOG_COMPILER_GLOBAL_ACCENT_COLOR_NAME = AccentColor;
				CODE_SIGN_STYLE = Automatic;
				CURRENT_PROJECT_VERSION = 1;
				DEVELOPMENT_ASSET_PATHS = "\"Appetizers/Preview Content\"";
				DEVELOPMENT_TEAM = J92SCDW5UB;
				ENABLE_PREVIEWS = YES;
				GENERATE_INFOPLIST_FILE = YES;
				INFOPLIST_KEY_UIApplicationSceneManifest_Generation = YES;
				INFOPLIST_KEY_UIApplicationSupportsIndirectInputEvents = YES;
				INFOPLIST_KEY_UILaunchScreen_Generation = YES;
				INFOPLIST_KEY_UISupportedInterfaceOrientations_iPad = "UIInterfaceOrientationPortrait UIInterfaceOrientationPortraitUpsideDown UIInterfaceOrientationLandscapeLeft UIInterfaceOrientationLandscapeRight";
				INFOPLIST_KEY_UISupportedInterfaceOrientations_iPhone = "UIInterfaceOrientationPortrait UIInterfaceOrientationLandscapeLeft UIInterfaceOrientationLandscapeRight";
				LD_RUNPATH_SEARCH_PATHS = (
					"$(inherited)",
					"@executable_path/Frameworks",
				);
				MARKETING_VERSION = 1.0;
				PRODUCT_BUNDLE_IDENTIFIER = immmax.Appetizers;
				PRODUCT_NAME = "$(TARGET_NAME)";
				SWIFT_EMIT_LOC_STRINGS = YES;
				SWIFT_VERSION = 5.0;
				TARGETED_DEVICE_FAMILY = "1,2";
			};
			name = Debug;
		};
		9146120F2BA7DA7E00542FE4 /* Release */ = {
			isa = XCBuildConfiguration;
			buildSettings = {
				ASSETCATALOG_COMPILER_APPICON_NAME = AppIcon;
				ASSETCATALOG_COMPILER_GLOBAL_ACCENT_COLOR_NAME = AccentColor;
				CODE_SIGN_STYLE = Automatic;
				CURRENT_PROJECT_VERSION = 1;
				DEVELOPMENT_ASSET_PATHS = "\"Appetizers/Preview Content\"";
				DEVELOPMENT_TEAM = J92SCDW5UB;
				ENABLE_PREVIEWS = YES;
				GENERATE_INFOPLIST_FILE = YES;
				INFOPLIST_KEY_UIApplicationSceneManifest_Generation = YES;
				INFOPLIST_KEY_UIApplicationSupportsIndirectInputEvents = YES;
				INFOPLIST_KEY_UILaunchScreen_Generation = YES;
				INFOPLIST_KEY_UISupportedInterfaceOrientations_iPad = "UIInterfaceOrientationPortrait UIInterfaceOrientationPortraitUpsideDown UIInterfaceOrientationLandscapeLeft UIInterfaceOrientationLandscapeRight";
				INFOPLIST_KEY_UISupportedInterfaceOrientations_iPhone = "UIInterfaceOrientationPortrait UIInterfaceOrientationLandscapeLeft UIInterfaceOrientationLandscapeRight";
				LD_RUNPATH_SEARCH_PATHS = (
					"$(inherited)",
					"@executable_path/Frameworks",
				);
				MARKETING_VERSION = 1.0;
				PRODUCT_BUNDLE_IDENTIFIER = immmax.Appetizers;
				PRODUCT_NAME = "$(TARGET_NAME)";
				SWIFT_EMIT_LOC_STRINGS = YES;
				SWIFT_VERSION = 5.0;
				TARGETED_DEVICE_FAMILY = "1,2";
			};
			name = Release;
		};
/* End XCBuildConfiguration section */

/* Begin XCConfigurationList section */
		914611FA2BA7DA7B00542FE4 /* Build configuration list for PBXProject "Appetizers" */ = {
			isa = XCConfigurationList;
			buildConfigurations = (
				9146120B2BA7DA7E00542FE4 /* Debug */,
				9146120C2BA7DA7E00542FE4 /* Release */,
			);
			defaultConfigurationIsVisible = 0;
			defaultConfigurationName = Release;
		};
		9146120D2BA7DA7E00542FE4 /* Build configuration list for PBXNativeTarget "Appetizers" */ = {
			isa = XCConfigurationList;
			buildConfigurations = (
				9146120E2BA7DA7E00542FE4 /* Debug */,
				9146120F2BA7DA7E00542FE4 /* Release */,
			);
			defaultConfigurationIsVisible = 0;
			defaultConfigurationName = Release;
		};
/* End XCConfigurationList section */
	};
	rootObject = 914611F72BA7DA7B00542FE4 /* Project object */;
}
