// !$*UTF8*$!
{
	archiveVersion = 1;
	classes = {
	};
	objectVersion = 56;
	objects = {

/* Begin PBXBuildFile section */
		911AF51A2BC3DCC500054E36 /* GFTitleLabel.swift in Sources */ = {isa = PBXBuildFile; fileRef = 911AF5192BC3DCC500054E36 /* GFTitleLabel.swift */; };
		9126F3E02BC545D7005D4F8C /* GFItemInfoView.swift in Sources */ = {isa = PBXBuildFile; fileRef = 9126F3DF2BC545D7005D4F8C /* GFItemInfoView.swift */; };
		9126F3E22BC54D08005D4F8C /* GFInfoCardView.swift in Sources */ = {isa = PBXBuildFile; fileRef = 9126F3E12BC54D08005D4F8C /* GFInfoCardView.swift */; };
		9126F3E42BC55FA1005D4F8C /* String+Ext.swift in Sources */ = {isa = PBXBuildFile; fileRef = 9126F3E32BC55FA1005D4F8C /* String+Ext.swift */; };
		9126F3E62BC560D8005D4F8C /* Date+Ext.swift in Sources */ = {isa = PBXBuildFile; fileRef = 9126F3E52BC560D8005D4F8C /* Date+Ext.swift */; };
		914310832BB401C400B4E42D /* GHFollowersApp.swift in Sources */ = {isa = PBXBuildFile; fileRef = 914310822BB401C400B4E42D /* GHFollowersApp.swift */; };
		914310852BB401C400B4E42D /* GFTabView.swift in Sources */ = {isa = PBXBuildFile; fileRef = 914310842BB401C400B4E42D /* GFTabView.swift */; };
		914310872BB401C600B4E42D /* Assets.xcassets in Resources */ = {isa = PBXBuildFile; fileRef = 914310862BB401C600B4E42D /* Assets.xcassets */; };
		9143108A2BB401C600B4E42D /* Preview Assets.xcassets in Resources */ = {isa = PBXBuildFile; fileRef = 914310892BB401C600B4E42D /* Preview Assets.xcassets */; };
		914310912BB4056E00B4E42D /* SearchView.swift in Sources */ = {isa = PBXBuildFile; fileRef = 914310902BB4056E00B4E42D /* SearchView.swift */; };
		914310932BB4057800B4E42D /* FavoritesListView.swift in Sources */ = {isa = PBXBuildFile; fileRef = 914310922BB4057800B4E42D /* FavoritesListView.swift */; };
		914F3D4D2BB81DD000D23E4C /* GFAvatarImage.swift in Sources */ = {isa = PBXBuildFile; fileRef = 914F3D4C2BB81DD000D23E4C /* GFAvatarImage.swift */; };
		914F3D4F2BB821C100D23E4C /* CustomModifiers.swift in Sources */ = {isa = PBXBuildFile; fileRef = 914F3D4E2BB821C100D23E4C /* CustomModifiers.swift */; };
		916CCE012BBD34F700AAE00E /* LoadingView.swift in Sources */ = {isa = PBXBuildFile; fileRef = 916CCE002BBD34F700AAE00E /* LoadingView.swift */; };
		916CCE032BBD387000AAE00E /* GFEmptyStateView.swift in Sources */ = {isa = PBXBuildFile; fileRef = 916CCE022BBD387000AAE00E /* GFEmptyStateView.swift */; };
		916CCE052BBD5E4C00AAE00E /* UserInfoView.swift in Sources */ = {isa = PBXBuildFile; fileRef = 916CCE042BBD5E4C00AAE00E /* UserInfoView.swift */; };
		916CCE082BBD6E5700AAE00E /* UserInfoViewModel.swift in Sources */ = {isa = PBXBuildFile; fileRef = 916CCE072BBD6E5700AAE00E /* UserInfoViewModel.swift */; };
		916CCE0A2BBD6F7400AAE00E /* MockData.swift in Sources */ = {isa = PBXBuildFile; fileRef = 916CCE092BBD6F7400AAE00E /* MockData.swift */; };
		917AB15E2BB7C4A500F1A389 /* GFButton.swift in Sources */ = {isa = PBXBuildFile; fileRef = 917AB15D2BB7C4A500F1A389 /* GFButton.swift */; };
		917AB1662BB7C5C000F1A389 /* SearchViewModel.swift in Sources */ = {isa = PBXBuildFile; fileRef = 917AB1652BB7C5C000F1A389 /* SearchViewModel.swift */; };
		917AB1682BB7C67200F1A389 /* FavoritesListViewModel.swift in Sources */ = {isa = PBXBuildFile; fileRef = 917AB1672BB7C67200F1A389 /* FavoritesListViewModel.swift */; };
		917AB16A2BB7C68300F1A389 /* FollowerListViewModel.swift in Sources */ = {isa = PBXBuildFile; fileRef = 917AB1692BB7C68300F1A389 /* FollowerListViewModel.swift */; };
		917AB16E2BB7CF2A00F1A389 /* Follower.swift in Sources */ = {isa = PBXBuildFile; fileRef = 917AB16D2BB7CF2A00F1A389 /* Follower.swift */; };
		917AB1702BB7CFD800F1A389 /* User.swift in Sources */ = {isa = PBXBuildFile; fileRef = 917AB16F2BB7CFD800F1A389 /* User.swift */; };
		917AB1732BB7F12100F1A389 /* NetworkManager.swift in Sources */ = {isa = PBXBuildFile; fileRef = 917AB1722BB7F12100F1A389 /* NetworkManager.swift */; };
		917AB1752BB7F51B00F1A389 /* GFError.swift in Sources */ = {isa = PBXBuildFile; fileRef = 917AB1742BB7F51B00F1A389 /* GFError.swift */; };
		917AB1772BB8151F00F1A389 /* FollowerCell.swift in Sources */ = {isa = PBXBuildFile; fileRef = 917AB1762BB8151F00F1A389 /* FollowerCell.swift */; };
		91AAFADC2BBEC2C50027003D /* GFUserInfoHeaderView.swift in Sources */ = {isa = PBXBuildFile; fileRef = 91AAFADB2BBEC2C50027003D /* GFUserInfoHeaderView.swift */; };
		91AAFADF2BBEC3630027003D /* GFSecondaryTitleLabel.swift in Sources */ = {isa = PBXBuildFile; fileRef = 91AAFADE2BBEC3630027003D /* GFSecondaryTitleLabel.swift */; };
		91AAFAE12BBECE630027003D /* GFBodyLabel.swift in Sources */ = {isa = PBXBuildFile; fileRef = 91AAFAE02BBECE630027003D /* GFBodyLabel.swift */; };
		91AAFAE32BBF2AC30027003D /* Constants.swift in Sources */ = {isa = PBXBuildFile; fileRef = 91AAFAE22BBF2AC30027003D /* Constants.swift */; };
		91BCC71D2BB4A3CD00E92579 /* FollowerListView.swift in Sources */ = {isa = PBXBuildFile; fileRef = 91BCC71C2BB4A3CD00E92579 /* FollowerListView.swift */; };
		91BCC71F2BB78FA900E92579 /* GFAlert.swift in Sources */ = {isa = PBXBuildFile; fileRef = 91BCC71E2BB78FA900E92579 /* GFAlert.swift */; };
		91DFE5792BC6A72000D90AC5 /* SafariView.swift in Sources */ = {isa = PBXBuildFile; fileRef = 91DFE5782BC6A72000D90AC5 /* SafariView.swift */; };
		91DFE57B2BC6AF3E00D90AC5 /* GFRepoItemView.swift in Sources */ = {isa = PBXBuildFile; fileRef = 91DFE57A2BC6AF3E00D90AC5 /* GFRepoItemView.swift */; };
		91DFE57D2BC6AFD900D90AC5 /* GFFollowerItemView.swift in Sources */ = {isa = PBXBuildFile; fileRef = 91DFE57C2BC6AFD900D90AC5 /* GFFollowerItemView.swift */; };
/* End PBXBuildFile section */

/* Begin PBXFileReference section */
		911AF5192BC3DCC500054E36 /* GFTitleLabel.swift */ = {isa = PBXFileReference; lastKnownFileType = sourcecode.swift; path = GFTitleLabel.swift; sourceTree = "<group>"; };
		9126F3DF2BC545D7005D4F8C /* GFItemInfoView.swift */ = {isa = PBXFileReference; lastKnownFileType = sourcecode.swift; path = GFItemInfoView.swift; sourceTree = "<group>"; };
		9126F3E12BC54D08005D4F8C /* GFInfoCardView.swift */ = {isa = PBXFileReference; lastKnownFileType = sourcecode.swift; path = GFInfoCardView.swift; sourceTree = "<group>"; };
		9126F3E32BC55FA1005D4F8C /* String+Ext.swift */ = {isa = PBXFileReference; lastKnownFileType = sourcecode.swift; path = "String+Ext.swift"; sourceTree = "<group>"; };
		9126F3E52BC560D8005D4F8C /* Date+Ext.swift */ = {isa = PBXFileReference; lastKnownFileType = sourcecode.swift; path = "Date+Ext.swift"; sourceTree = "<group>"; };
		9143107F2BB401C400B4E42D /* GHFollowers.app */ = {isa = PBXFileReference; explicitFileType = wrapper.application; includeInIndex = 0; path = GHFollowers.app; sourceTree = BUILT_PRODUCTS_DIR; };
		914310822BB401C400B4E42D /* GHFollowersApp.swift */ = {isa = PBXFileReference; lastKnownFileType = sourcecode.swift; path = GHFollowersApp.swift; sourceTree = "<group>"; };
		914310842BB401C400B4E42D /* GFTabView.swift */ = {isa = PBXFileReference; lastKnownFileType = sourcecode.swift; path = GFTabView.swift; sourceTree = "<group>"; };
		914310862BB401C600B4E42D /* Assets.xcassets */ = {isa = PBXFileReference; lastKnownFileType = folder.assetcatalog; path = Assets.xcassets; sourceTree = "<group>"; };
		914310892BB401C600B4E42D /* Preview Assets.xcassets */ = {isa = PBXFileReference; lastKnownFileType = folder.assetcatalog; path = "Preview Assets.xcassets"; sourceTree = "<group>"; };
		914310902BB4056E00B4E42D /* SearchView.swift */ = {isa = PBXFileReference; lastKnownFileType = sourcecode.swift; path = SearchView.swift; sourceTree = "<group>"; };
		914310922BB4057800B4E42D /* FavoritesListView.swift */ = {isa = PBXFileReference; lastKnownFileType = sourcecode.swift; path = FavoritesListView.swift; sourceTree = "<group>"; };
		914F3D4C2BB81DD000D23E4C /* GFAvatarImage.swift */ = {isa = PBXFileReference; lastKnownFileType = sourcecode.swift; path = GFAvatarImage.swift; sourceTree = "<group>"; };
		914F3D4E2BB821C100D23E4C /* CustomModifiers.swift */ = {isa = PBXFileReference; lastKnownFileType = sourcecode.swift; path = CustomModifiers.swift; sourceTree = "<group>"; };
		916CCE002BBD34F700AAE00E /* LoadingView.swift */ = {isa = PBXFileReference; lastKnownFileType = sourcecode.swift; path = LoadingView.swift; sourceTree = "<group>"; };
		916CCE022BBD387000AAE00E /* GFEmptyStateView.swift */ = {isa = PBXFileReference; lastKnownFileType = sourcecode.swift; path = GFEmptyStateView.swift; sourceTree = "<group>"; };
		916CCE042BBD5E4C00AAE00E /* UserInfoView.swift */ = {isa = PBXFileReference; lastKnownFileType = sourcecode.swift; path = UserInfoView.swift; sourceTree = "<group>"; };
		916CCE072BBD6E5700AAE00E /* UserInfoViewModel.swift */ = {isa = PBXFileReference; lastKnownFileType = sourcecode.swift; path = UserInfoViewModel.swift; sourceTree = "<group>"; };
		916CCE092BBD6F7400AAE00E /* MockData.swift */ = {isa = PBXFileReference; lastKnownFileType = sourcecode.swift; path = MockData.swift; sourceTree = "<group>"; };
		917AB15D2BB7C4A500F1A389 /* GFButton.swift */ = {isa = PBXFileReference; lastKnownFileType = sourcecode.swift; path = GFButton.swift; sourceTree = "<group>"; };
		917AB1652BB7C5C000F1A389 /* SearchViewModel.swift */ = {isa = PBXFileReference; lastKnownFileType = sourcecode.swift; path = SearchViewModel.swift; sourceTree = "<group>"; };
		917AB1672BB7C67200F1A389 /* FavoritesListViewModel.swift */ = {isa = PBXFileReference; lastKnownFileType = sourcecode.swift; path = FavoritesListViewModel.swift; sourceTree = "<group>"; };
		917AB1692BB7C68300F1A389 /* FollowerListViewModel.swift */ = {isa = PBXFileReference; lastKnownFileType = sourcecode.swift; path = FollowerListViewModel.swift; sourceTree = "<group>"; };
		917AB16D2BB7CF2A00F1A389 /* Follower.swift */ = {isa = PBXFileReference; lastKnownFileType = sourcecode.swift; path = Follower.swift; sourceTree = "<group>"; };
		917AB16F2BB7CFD800F1A389 /* User.swift */ = {isa = PBXFileReference; lastKnownFileType = sourcecode.swift; path = User.swift; sourceTree = "<group>"; };
		917AB1722BB7F12100F1A389 /* NetworkManager.swift */ = {isa = PBXFileReference; lastKnownFileType = sourcecode.swift; path = NetworkManager.swift; sourceTree = "<group>"; };
		917AB1742BB7F51B00F1A389 /* GFError.swift */ = {isa = PBXFileReference; lastKnownFileType = sourcecode.swift; path = GFError.swift; sourceTree = "<group>"; };
		917AB1762BB8151F00F1A389 /* FollowerCell.swift */ = {isa = PBXFileReference; lastKnownFileType = sourcecode.swift; path = FollowerCell.swift; sourceTree = "<group>"; };
		91AAFADB2BBEC2C50027003D /* GFUserInfoHeaderView.swift */ = {isa = PBXFileReference; lastKnownFileType = sourcecode.swift; path = GFUserInfoHeaderView.swift; sourceTree = "<group>"; };
		91AAFADE2BBEC3630027003D /* GFSecondaryTitleLabel.swift */ = {isa = PBXFileReference; lastKnownFileType = sourcecode.swift; path = GFSecondaryTitleLabel.swift; sourceTree = "<group>"; };
		91AAFAE02BBECE630027003D /* GFBodyLabel.swift */ = {isa = PBXFileReference; lastKnownFileType = sourcecode.swift; path = GFBodyLabel.swift; sourceTree = "<group>"; };
		91AAFAE22BBF2AC30027003D /* Constants.swift */ = {isa = PBXFileReference; lastKnownFileType = sourcecode.swift; path = Constants.swift; sourceTree = "<group>"; };
		91BCC71C2BB4A3CD00E92579 /* FollowerListView.swift */ = {isa = PBXFileReference; lastKnownFileType = sourcecode.swift; path = FollowerListView.swift; sourceTree = "<group>"; };
		91BCC71E2BB78FA900E92579 /* GFAlert.swift */ = {isa = PBXFileReference; lastKnownFileType = sourcecode.swift; path = GFAlert.swift; sourceTree = "<group>"; };
		91DFE5782BC6A72000D90AC5 /* SafariView.swift */ = {isa = PBXFileReference; lastKnownFileType = sourcecode.swift; path = SafariView.swift; sourceTree = "<group>"; };
		91DFE57A2BC6AF3E00D90AC5 /* GFRepoItemView.swift */ = {isa = PBXFileReference; lastKnownFileType = sourcecode.swift; path = GFRepoItemView.swift; sourceTree = "<group>"; };
		91DFE57C2BC6AFD900D90AC5 /* GFFollowerItemView.swift */ = {isa = PBXFileReference; lastKnownFileType = sourcecode.swift; path = GFFollowerItemView.swift; sourceTree = "<group>"; };
/* End PBXFileReference section */

/* Begin PBXFrameworksBuildPhase section */
		9143107C2BB401C400B4E42D /* Frameworks */ = {
			isa = PBXFrameworksBuildPhase;
			buildActionMask = 2147483647;
			files = (
			);
			runOnlyForDeploymentPostprocessing = 0;
		};
/* End PBXFrameworksBuildPhase section */

/* Begin PBXGroup section */
		914310762BB401C400B4E42D = {
			isa = PBXGroup;
			children = (
				914310812BB401C400B4E42D /* GHFollowers */,
				914310802BB401C400B4E42D /* Products */,
			);
			sourceTree = "<group>";
		};
		914310802BB401C400B4E42D /* Products */ = {
			isa = PBXGroup;
			children = (
				9143107F2BB401C400B4E42D /* GHFollowers.app */,
			);
			name = Products;
			sourceTree = "<group>";
		};
		914310812BB401C400B4E42D /* GHFollowers */ = {
			isa = PBXGroup;
			children = (
				91DFE5772BC6A71100D90AC5 /* UIKit Components */,
				917AB15F2BB7C52400F1A389 /* Utilities */,
				917AB16C2BB7CF2000F1A389 /* Model */,
				917AB15B2BB7C44A00F1A389 /* Views */,
				917AB15A2BB7C3F800F1A389 /* Screens */,
				914310822BB401C400B4E42D /* GHFollowersApp.swift */,
				914310842BB401C400B4E42D /* GFTabView.swift */,
				914310862BB401C600B4E42D /* Assets.xcassets */,
				914310882BB401C600B4E42D /* Preview Content */,
			);
			path = GHFollowers;
			sourceTree = "<group>";
		};
		914310882BB401C600B4E42D /* Preview Content */ = {
			isa = PBXGroup;
			children = (
				914310892BB401C600B4E42D /* Preview Assets.xcassets */,
			);
			path = "Preview Content";
			sourceTree = "<group>";
		};
		914F3D502BBB47C400D23E4C /* Images */ = {
			isa = PBXGroup;
			children = (
				914F3D4C2BB81DD000D23E4C /* GFAvatarImage.swift */,
			);
			path = Images;
			sourceTree = "<group>";
		};
		916CCE062BBD5E5300AAE00E /* UserInfoView */ = {
			isa = PBXGroup;
			children = (
				916CCE042BBD5E4C00AAE00E /* UserInfoView.swift */,
				916CCE072BBD6E5700AAE00E /* UserInfoViewModel.swift */,
				91AAFADB2BBEC2C50027003D /* GFUserInfoHeaderView.swift */,
				9126F3DF2BC545D7005D4F8C /* GFItemInfoView.swift */,
				9126F3E12BC54D08005D4F8C /* GFInfoCardView.swift */,
				91DFE57A2BC6AF3E00D90AC5 /* GFRepoItemView.swift */,
				91DFE57C2BC6AFD900D90AC5 /* GFFollowerItemView.swift */,
			);
			path = UserInfoView;
			sourceTree = "<group>";
		};
		917AB15A2BB7C3F800F1A389 /* Screens */ = {
			isa = PBXGroup;
			children = (
				917AB1622BB7C58F00F1A389 /* SearchView */,
				917AB1632BB7C59E00F1A389 /* FavoritesListView */,
				917AB1642BB7C5A900F1A389 /* FollowerListView */,
				916CCE062BBD5E5300AAE00E /* UserInfoView */,
			);
			path = Screens;
			sourceTree = "<group>";
		};
		917AB15B2BB7C44A00F1A389 /* Views */ = {
			isa = PBXGroup;
			children = (
				91AAFADD2BBEC3500027003D /* Labels */,
				914F3D502BBB47C400D23E4C /* Images */,
				917AB15C2BB7C45200F1A389 /* Buttons */,
				917AB1612BB7C54400F1A389 /* Cells */,
				914F3D4E2BB821C100D23E4C /* CustomModifiers.swift */,
				916CCE002BBD34F700AAE00E /* LoadingView.swift */,
				916CCE022BBD387000AAE00E /* GFEmptyStateView.swift */,
			);
			path = Views;
			sourceTree = "<group>";
		};
		917AB15C2BB7C45200F1A389 /* Buttons */ = {
			isa = PBXGroup;
			children = (
				917AB15D2BB7C4A500F1A389 /* GFButton.swift */,
			);
			path = Buttons;
			sourceTree = "<group>";
		};
		917AB15F2BB7C52400F1A389 /* Utilities */ = {
			isa = PBXGroup;
			children = (
				917AB1712BB7F11700F1A389 /* Managers */,
				917AB16B2BB7C78000F1A389 /* Extensions */,
				917AB1602BB7C52800F1A389 /* Alerts */,
				91AAFAE22BBF2AC30027003D /* Constants.swift */,
			);
			path = Utilities;
			sourceTree = "<group>";
		};
		917AB1602BB7C52800F1A389 /* Alerts */ = {
			isa = PBXGroup;
			children = (
				91BCC71E2BB78FA900E92579 /* GFAlert.swift */,
				917AB1742BB7F51B00F1A389 /* GFError.swift */,
			);
			path = Alerts;
			sourceTree = "<group>";
		};
		917AB1612BB7C54400F1A389 /* Cells */ = {
			isa = PBXGroup;
			children = (
				917AB1762BB8151F00F1A389 /* FollowerCell.swift */,
			);
			path = Cells;
			sourceTree = "<group>";
		};
		917AB1622BB7C58F00F1A389 /* SearchView */ = {
			isa = PBXGroup;
			children = (
				914310902BB4056E00B4E42D /* SearchView.swift */,
				917AB1652BB7C5C000F1A389 /* SearchViewModel.swift */,
			);
			path = SearchView;
			sourceTree = "<group>";
		};
		917AB1632BB7C59E00F1A389 /* FavoritesListView */ = {
			isa = PBXGroup;
			children = (
				914310922BB4057800B4E42D /* FavoritesListView.swift */,
				917AB1672BB7C67200F1A389 /* FavoritesListViewModel.swift */,
			);
			path = FavoritesListView;
			sourceTree = "<group>";
		};
		917AB1642BB7C5A900F1A389 /* FollowerListView */ = {
			isa = PBXGroup;
			children = (
				91BCC71C2BB4A3CD00E92579 /* FollowerListView.swift */,
				917AB1692BB7C68300F1A389 /* FollowerListViewModel.swift */,
			);
			path = FollowerListView;
			sourceTree = "<group>";
		};
		917AB16B2BB7C78000F1A389 /* Extensions */ = {
			isa = PBXGroup;
			children = (
				9126F3E32BC55FA1005D4F8C /* String+Ext.swift */,
				9126F3E52BC560D8005D4F8C /* Date+Ext.swift */,
			);
			path = Extensions;
			sourceTree = "<group>";
		};
		917AB16C2BB7CF2000F1A389 /* Model */ = {
			isa = PBXGroup;
			children = (
				917AB16D2BB7CF2A00F1A389 /* Follower.swift */,
				917AB16F2BB7CFD800F1A389 /* User.swift */,
				916CCE092BBD6F7400AAE00E /* MockData.swift */,
			);
			path = Model;
			sourceTree = "<group>";
		};
		917AB1712BB7F11700F1A389 /* Managers */ = {
			isa = PBXGroup;
			children = (
				917AB1722BB7F12100F1A389 /* NetworkManager.swift */,
			);
			path = Managers;
			sourceTree = "<group>";
		};
		91AAFADD2BBEC3500027003D /* Labels */ = {
			isa = PBXGroup;
			children = (
				911AF5192BC3DCC500054E36 /* GFTitleLabel.swift */,
				91AAFAE02BBECE630027003D /* GFBodyLabel.swift */,
				91AAFADE2BBEC3630027003D /* GFSecondaryTitleLabel.swift */,
			);
			path = Labels;
			sourceTree = "<group>";
		};
		91DFE5772BC6A71100D90AC5 /* UIKit Components */ = {
			isa = PBXGroup;
			children = (
				91DFE5782BC6A72000D90AC5 /* SafariView.swift */,
			);
			path = "UIKit Components";
			sourceTree = "<group>";
		};
/* End PBXGroup section */

/* Begin PBXNativeTarget section */
		9143107E2BB401C400B4E42D /* GHFollowers */ = {
			isa = PBXNativeTarget;
			buildConfigurationList = 9143108D2BB401C600B4E42D /* Build configuration list for PBXNativeTarget "GHFollowers" */;
			buildPhases = (
				9143107B2BB401C400B4E42D /* Sources */,
				9143107C2BB401C400B4E42D /* Frameworks */,
				9143107D2BB401C400B4E42D /* Resources */,
			);
			buildRules = (
			);
			dependencies = (
			);
			name = GHFollowers;
			productName = GHFollowers;
			productReference = 9143107F2BB401C400B4E42D /* GHFollowers.app */;
			productType = "com.apple.product-type.application";
		};
/* End PBXNativeTarget section */

/* Begin PBXProject section */
		914310772BB401C400B4E42D /* Project object */ = {
			isa = PBXProject;
			attributes = {
				BuildIndependentTargetsInParallel = 1;
				LastSwiftUpdateCheck = 1500;
				LastUpgradeCheck = 1500;
				TargetAttributes = {
					9143107E2BB401C400B4E42D = {
						CreatedOnToolsVersion = 15.0.1;
					};
				};
			};
			buildConfigurationList = 9143107A2BB401C400B4E42D /* Build configuration list for PBXProject "GHFollowers" */;
			compatibilityVersion = "Xcode 14.0";
			developmentRegion = en;
			hasScannedForEncodings = 0;
			knownRegions = (
				en,
				Base,
			);
			mainGroup = 914310762BB401C400B4E42D;
			productRefGroup = 914310802BB401C400B4E42D /* Products */;
			projectDirPath = "";
			projectRoot = "";
			targets = (
				9143107E2BB401C400B4E42D /* GHFollowers */,
			);
		};
/* End PBXProject section */

/* Begin PBXResourcesBuildPhase section */
		9143107D2BB401C400B4E42D /* Resources */ = {
			isa = PBXResourcesBuildPhase;
			buildActionMask = 2147483647;
			files = (
				9143108A2BB401C600B4E42D /* Preview Assets.xcassets in Resources */,
				914310872BB401C600B4E42D /* Assets.xcassets in Resources */,
			);
			runOnlyForDeploymentPostprocessing = 0;
		};
/* End PBXResourcesBuildPhase section */

/* Begin PBXSourcesBuildPhase section */
		9143107B2BB401C400B4E42D /* Sources */ = {
			isa = PBXSourcesBuildPhase;
			buildActionMask = 2147483647;
			files = (
				917AB16A2BB7C68300F1A389 /* FollowerListViewModel.swift in Sources */,
				917AB1752BB7F51B00F1A389 /* GFError.swift in Sources */,
				9126F3E62BC560D8005D4F8C /* Date+Ext.swift in Sources */,
				9126F3E02BC545D7005D4F8C /* GFItemInfoView.swift in Sources */,
				916CCE082BBD6E5700AAE00E /* UserInfoViewModel.swift in Sources */,
				917AB1772BB8151F00F1A389 /* FollowerCell.swift in Sources */,
				914310932BB4057800B4E42D /* FavoritesListView.swift in Sources */,
				917AB1682BB7C67200F1A389 /* FavoritesListViewModel.swift in Sources */,
				911AF51A2BC3DCC500054E36 /* GFTitleLabel.swift in Sources */,
				917AB1732BB7F12100F1A389 /* NetworkManager.swift in Sources */,
				91AAFAE32BBF2AC30027003D /* Constants.swift in Sources */,
				914F3D4F2BB821C100D23E4C /* CustomModifiers.swift in Sources */,
				91AAFADC2BBEC2C50027003D /* GFUserInfoHeaderView.swift in Sources */,
				9126F3E22BC54D08005D4F8C /* GFInfoCardView.swift in Sources */,
				91DFE57D2BC6AFD900D90AC5 /* GFFollowerItemView.swift in Sources */,
				91DFE57B2BC6AF3E00D90AC5 /* GFRepoItemView.swift in Sources */,
				91AAFAE12BBECE630027003D /* GFBodyLabel.swift in Sources */,
				91BCC71D2BB4A3CD00E92579 /* FollowerListView.swift in Sources */,
				916CCE0A2BBD6F7400AAE00E /* MockData.swift in Sources */,
				917AB1662BB7C5C000F1A389 /* SearchViewModel.swift in Sources */,
				914310852BB401C400B4E42D /* GFTabView.swift in Sources */,
				9126F3E42BC55FA1005D4F8C /* String+Ext.swift in Sources */,
				91AAFADF2BBEC3630027003D /* GFSecondaryTitleLabel.swift in Sources */,
				917AB15E2BB7C4A500F1A389 /* GFButton.swift in Sources */,
				91BCC71F2BB78FA900E92579 /* GFAlert.swift in Sources */,
				917AB1702BB7CFD800F1A389 /* User.swift in Sources */,
				917AB16E2BB7CF2A00F1A389 /* Follower.swift in Sources */,
				916CCE032BBD387000AAE00E /* GFEmptyStateView.swift in Sources */,
				914F3D4D2BB81DD000D23E4C /* GFAvatarImage.swift in Sources */,
				914310912BB4056E00B4E42D /* SearchView.swift in Sources */,
				91DFE5792BC6A72000D90AC5 /* SafariView.swift in Sources */,
				914310832BB401C400B4E42D /* GHFollowersApp.swift in Sources */,
				916CCE012BBD34F700AAE00E /* LoadingView.swift in Sources */,
				916CCE052BBD5E4C00AAE00E /* UserInfoView.swift in Sources */,
			);
			runOnlyForDeploymentPostprocessing = 0;
		};
/* End PBXSourcesBuildPhase section */

/* Begin XCBuildConfiguration section */
		9143108B2BB401C600B4E42D /* Debug */ = {
			isa = XCBuildConfiguration;
			buildSettings = {
				ALWAYS_SEARCH_USER_PATHS = NO;
				ASSETCATALOG_COMPILER_GENERATE_SWIFT_ASSET_SYMBOL_EXTENSIONS = YES;
				CLANG_ANALYZER_NONNULL = YES;
				CLANG_ANALYZER_NUMBER_OBJECT_CONVERSION = YES_AGGRESSIVE;
				CLANG_CXX_LANGUAGE_STANDARD = "gnu++20";
				CLANG_ENABLE_MODULES = YES;
				CLANG_ENABLE_OBJC_ARC = YES;
				CLANG_ENABLE_OBJC_WEAK = YES;
				CLANG_WARN_BLOCK_CAPTURE_AUTORELEASING = YES;
				CLANG_WARN_BOOL_CONVERSION = YES;
				CLANG_WARN_COMMA = YES;
				CLANG_WARN_CONSTANT_CONVERSION = YES;
				CLANG_WARN_DEPRECATED_OBJC_IMPLEMENTATIONS = YES;
				CLANG_WARN_DIRECT_OBJC_ISA_USAGE = YES_ERROR;
				CLANG_WARN_DOCUMENTATION_COMMENTS = YES;
				CLANG_WARN_EMPTY_BODY = YES;
				CLANG_WARN_ENUM_CONVERSION = YES;
				CLANG_WARN_INFINITE_RECURSION = YES;
				CLANG_WARN_INT_CONVERSION = YES;
				CLANG_WARN_NON_LITERAL_NULL_CONVERSION = YES;
				CLANG_WARN_OBJC_IMPLICIT_RETAIN_SELF = YES;
				CLANG_WARN_OBJC_LITERAL_CONVERSION = YES;
				CLANG_WARN_OBJC_ROOT_CLASS = YES_ERROR;
				CLANG_WARN_QUOTED_INCLUDE_IN_FRAMEWORK_HEADER = YES;
				CLANG_WARN_RANGE_LOOP_ANALYSIS = YES;
				CLANG_WARN_STRICT_PROTOTYPES = YES;
				CLANG_WARN_SUSPICIOUS_MOVE = YES;
				CLANG_WARN_UNGUARDED_AVAILABILITY = YES_AGGRESSIVE;
				CLANG_WARN_UNREACHABLE_CODE = YES;
				CLANG_WARN__DUPLICATE_METHOD_MATCH = YES;
				COPY_PHASE_STRIP = NO;
				DEBUG_INFORMATION_FORMAT = dwarf;
				ENABLE_STRICT_OBJC_MSGSEND = YES;
				ENABLE_TESTABILITY = YES;
				ENABLE_USER_SCRIPT_SANDBOXING = YES;
				GCC_C_LANGUAGE_STANDARD = gnu17;
				GCC_DYNAMIC_NO_PIC = NO;
				GCC_NO_COMMON_BLOCKS = YES;
				GCC_OPTIMIZATION_LEVEL = 0;
				GCC_PREPROCESSOR_DEFINITIONS = (
					"DEBUG=1",
					"$(inherited)",
				);
				GCC_WARN_64_TO_32_BIT_CONVERSION = YES;
				GCC_WARN_ABOUT_RETURN_TYPE = YES_ERROR;
				GCC_WARN_UNDECLARED_SELECTOR = YES;
				GCC_WARN_UNINITIALIZED_AUTOS = YES_AGGRESSIVE;
				GCC_WARN_UNUSED_FUNCTION = YES;
				GCC_WARN_UNUSED_VARIABLE = YES;
				IPHONEOS_DEPLOYMENT_TARGET = 17.0;
				LOCALIZATION_PREFERS_STRING_CATALOGS = YES;
				MTL_ENABLE_DEBUG_INFO = INCLUDE_SOURCE;
				MTL_FAST_MATH = YES;
				ONLY_ACTIVE_ARCH = YES;
				SDKROOT = iphoneos;
				SWIFT_ACTIVE_COMPILATION_CONDITIONS = "DEBUG $(inherited)";
				SWIFT_OPTIMIZATION_LEVEL = "-Onone";
			};
			name = Debug;
		};
		9143108C2BB401C600B4E42D /* Release */ = {
			isa = XCBuildConfiguration;
			buildSettings = {
				ALWAYS_SEARCH_USER_PATHS = NO;
				ASSETCATALOG_COMPILER_GENERATE_SWIFT_ASSET_SYMBOL_EXTENSIONS = YES;
				CLANG_ANALYZER_NONNULL = YES;
				CLANG_ANALYZER_NUMBER_OBJECT_CONVERSION = YES_AGGRESSIVE;
				CLANG_CXX_LANGUAGE_STANDARD = "gnu++20";
				CLANG_ENABLE_MODULES = YES;
				CLANG_ENABLE_OBJC_ARC = YES;
				CLANG_ENABLE_OBJC_WEAK = YES;
				CLANG_WARN_BLOCK_CAPTURE_AUTORELEASING = YES;
				CLANG_WARN_BOOL_CONVERSION = YES;
				CLANG_WARN_COMMA = YES;
				CLANG_WARN_CONSTANT_CONVERSION = YES;
				CLANG_WARN_DEPRECATED_OBJC_IMPLEMENTATIONS = YES;
				CLANG_WARN_DIRECT_OBJC_ISA_USAGE = YES_ERROR;
				CLANG_WARN_DOCUMENTATION_COMMENTS = YES;
				CLANG_WARN_EMPTY_BODY = YES;
				CLANG_WARN_ENUM_CONVERSION = YES;
				CLANG_WARN_INFINITE_RECURSION = YES;
				CLANG_WARN_INT_CONVERSION = YES;
				CLANG_WARN_NON_LITERAL_NULL_CONVERSION = YES;
				CLANG_WARN_OBJC_IMPLICIT_RETAIN_SELF = YES;
				CLANG_WARN_OBJC_LITERAL_CONVERSION = YES;
				CLANG_WARN_OBJC_ROOT_CLASS = YES_ERROR;
				CLANG_WARN_QUOTED_INCLUDE_IN_FRAMEWORK_HEADER = YES;
				CLANG_WARN_RANGE_LOOP_ANALYSIS = YES;
				CLANG_WARN_STRICT_PROTOTYPES = YES;
				CLANG_WARN_SUSPICIOUS_MOVE = YES;
				CLANG_WARN_UNGUARDED_AVAILABILITY = YES_AGGRESSIVE;
				CLANG_WARN_UNREACHABLE_CODE = YES;
				CLANG_WARN__DUPLICATE_METHOD_MATCH = YES;
				COPY_PHASE_STRIP = NO;
				DEBUG_INFORMATION_FORMAT = "dwarf-with-dsym";
				ENABLE_NS_ASSERTIONS = NO;
				ENABLE_STRICT_OBJC_MSGSEND = YES;
				ENABLE_USER_SCRIPT_SANDBOXING = YES;
				GCC_C_LANGUAGE_STANDARD = gnu17;
				GCC_NO_COMMON_BLOCKS = YES;
				GCC_WARN_64_TO_32_BIT_CONVERSION = YES;
				GCC_WARN_ABOUT_RETURN_TYPE = YES_ERROR;
				GCC_WARN_UNDECLARED_SELECTOR = YES;
				GCC_WARN_UNINITIALIZED_AUTOS = YES_AGGRESSIVE;
				GCC_WARN_UNUSED_FUNCTION = YES;
				GCC_WARN_UNUSED_VARIABLE = YES;
				IPHONEOS_DEPLOYMENT_TARGET = 17.0;
				LOCALIZATION_PREFERS_STRING_CATALOGS = YES;
				MTL_ENABLE_DEBUG_INFO = NO;
				MTL_FAST_MATH = YES;
				SDKROOT = iphoneos;
				SWIFT_COMPILATION_MODE = wholemodule;
				VALIDATE_PRODUCT = YES;
			};
			name = Release;
		};
		9143108E2BB401C600B4E42D /* Debug */ = {
			isa = XCBuildConfiguration;
			buildSettings = {
				ASSETCATALOG_COMPILER_APPICON_NAME = AppIcon;
				ASSETCATALOG_COMPILER_GLOBAL_ACCENT_COLOR_NAME = AccentColor;
				CODE_SIGN_STYLE = Automatic;
				CURRENT_PROJECT_VERSION = 1;
				DEVELOPMENT_ASSET_PATHS = "\"GHFollowers/Preview Content\"";
				DEVELOPMENT_TEAM = J92SCDW5UB;
				ENABLE_PREVIEWS = YES;
				GENERATE_INFOPLIST_FILE = YES;
				INFOPLIST_KEY_UIApplicationSceneManifest_Generation = YES;
				INFOPLIST_KEY_UIApplicationSupportsIndirectInputEvents = YES;
				INFOPLIST_KEY_UILaunchScreen_Generation = YES;
				INFOPLIST_KEY_UISupportedInterfaceOrientations_iPad = "UIInterfaceOrientationPortrait UIInterfaceOrientationPortraitUpsideDown UIInterfaceOrientationLandscapeLeft UIInterfaceOrientationLandscapeRight";
				INFOPLIST_KEY_UISupportedInterfaceOrientations_iPhone = "UIInterfaceOrientationPortrait UIInterfaceOrientationLandscapeLeft UIInterfaceOrientationLandscapeRight";
				LD_RUNPATH_SEARCH_PATHS = (
					"$(inherited)",
					"@executable_path/Frameworks",
				);
				MARKETING_VERSION = 1.0;
				PRODUCT_BUNDLE_IDENTIFIER = immmax.GHFollowers;
				PRODUCT_NAME = "$(TARGET_NAME)";
				SWIFT_EMIT_LOC_STRINGS = YES;
				SWIFT_VERSION = 5.0;
				TARGETED_DEVICE_FAMILY = "1,2";
			};
			name = Debug;
		};
		9143108F2BB401C600B4E42D /* Release */ = {
			isa = XCBuildConfiguration;
			buildSettings = {
				ASSETCATALOG_COMPILER_APPICON_NAME = AppIcon;
				ASSETCATALOG_COMPILER_GLOBAL_ACCENT_COLOR_NAME = AccentColor;
				CODE_SIGN_STYLE = Automatic;
				CURRENT_PROJECT_VERSION = 1;
				DEVELOPMENT_ASSET_PATHS = "\"GHFollowers/Preview Content\"";
				DEVELOPMENT_TEAM = J92SCDW5UB;
				ENABLE_PREVIEWS = YES;
				GENERATE_INFOPLIST_FILE = YES;
				INFOPLIST_KEY_UIApplicationSceneManifest_Generation = YES;
				INFOPLIST_KEY_UIApplicationSupportsIndirectInputEvents = YES;
				INFOPLIST_KEY_UILaunchScreen_Generation = YES;
				INFOPLIST_KEY_UISupportedInterfaceOrientations_iPad = "UIInterfaceOrientationPortrait UIInterfaceOrientationPortraitUpsideDown UIInterfaceOrientationLandscapeLeft UIInterfaceOrientationLandscapeRight";
				INFOPLIST_KEY_UISupportedInterfaceOrientations_iPhone = "UIInterfaceOrientationPortrait UIInterfaceOrientationLandscapeLeft UIInterfaceOrientationLandscapeRight";
				LD_RUNPATH_SEARCH_PATHS = (
					"$(inherited)",
					"@executable_path/Frameworks",
				);
				MARKETING_VERSION = 1.0;
				PRODUCT_BUNDLE_IDENTIFIER = immmax.GHFollowers;
				PRODUCT_NAME = "$(TARGET_NAME)";
				SWIFT_EMIT_LOC_STRINGS = YES;
				SWIFT_VERSION = 5.0;
				TARGETED_DEVICE_FAMILY = "1,2";
			};
			name = Release;
		};
/* End XCBuildConfiguration section */

/* Begin XCConfigurationList section */
		9143107A2BB401C400B4E42D /* Build configuration list for PBXProject "GHFollowers" */ = {
			isa = XCConfigurationList;
			buildConfigurations = (
				9143108B2BB401C600B4E42D /* Debug */,
				9143108C2BB401C600B4E42D /* Release */,
			);
			defaultConfigurationIsVisible = 0;
			defaultConfigurationName = Release;
		};
		9143108D2BB401C600B4E42D /* Build configuration list for PBXNativeTarget "GHFollowers" */ = {
			isa = XCConfigurationList;
			buildConfigurations = (
				9143108E2BB401C600B4E42D /* Debug */,
				9143108F2BB401C600B4E42D /* Release */,
			);
			defaultConfigurationIsVisible = 0;
			defaultConfigurationName = Release;
		};
/* End XCConfigurationList section */
	};
	rootObject = 914310772BB401C400B4E42D /* Project object */;
}
